// !$*UTF8*$!
{
	archiveVersion = 1;
	classes = {
	};
	objectVersion = 46;
	objects = {

/* Begin PBXBuildFile section */
		8269C39415EC3F7800013C49 /* Main_IPhone_Storyboard.storyboard in Resources */ = {isa = PBXBuildFile; fileRef = 8269C39315EC3F7800013C49 /* Main_IPhone_Storyboard.storyboard */; };
		827658EB15EFF69C00D03FA3 /* CaptureViewControllerLoaLoa.m in Sources */ = {isa = PBXBuildFile; fileRef = 827658EA15EFF69C00D03FA3 /* CaptureViewControllerLoaLoa.m */; };
		827658EF15F6B48300D03FA3 /* Analysis.mm in Sources */ = {isa = PBXBuildFile; fileRef = 827658EE15F6B48300D03FA3 /* Analysis.mm */; };
		827658F615F6BA6900D03FA3 /* libz.dylib in Frameworks */ = {isa = PBXBuildFile; fileRef = 827658F515F6BA6900D03FA3 /* libz.dylib */; };
		82CC320015EBED75005AF1B0 /* ViewController.m in Sources */ = {isa = PBXBuildFile; fileRef = 82CC31FF15EBED75005AF1B0 /* ViewController.m */; };
		82CC320415EBEDA8005AF1B0 /* PictureListMainTableLoaLoa.m in Sources */ = {isa = PBXBuildFile; fileRef = 82CC320315EBEDA8005AF1B0 /* PictureListMainTableLoaLoa.m */; };
		82DFB11215E4761E00D450BC /* InfoPlist.strings in Resources */ = {isa = PBXBuildFile; fileRef = 82DFB11015E4761E00D450BC /* InfoPlist.strings */; };
		82DFB11415E4761E00D450BC /* main.m in Sources */ = {isa = PBXBuildFile; fileRef = 82DFB11315E4761E00D450BC /* main.m */; };
		82DFB11815E4761E00D450BC /* AppDelegate.m in Sources */ = {isa = PBXBuildFile; fileRef = 82DFB11715E4761E00D450BC /* AppDelegate.m */; };
		82DFB13315E4761E00D450BC /* (null) in Resources */ = {isa = PBXBuildFile; };
		82DFB13615E4761E00D450BC /* LoaLoaAugustTests.m in Sources */ = {isa = PBXBuildFile; fileRef = 82DFB13515E4761E00D450BC /* LoaLoaAugustTests.m */; };
		82E4260215E5AB2700BCA038 /* LoaLoaStoryboard.storyboard in Resources */ = {isa = PBXBuildFile; fileRef = 82E4260115E5AB2700BCA038 /* LoaLoaStoryboard.storyboard */; };
		82E4260515E5AD4B00BCA038 /* LoaLoaViewController.m in Sources */ = {isa = PBXBuildFile; fileRef = 82E4260415E5AD4B00BCA038 /* LoaLoaViewController.m */; };
		9B190E0D15FABEEE002206CF /* Focus_A.png in Resources */ = {isa = PBXBuildFile; fileRef = 9B190E0615FABEEE002206CF /* Focus_A.png */; };
		9B190E0E15FABEEE002206CF /* move_Slide_A.png in Resources */ = {isa = PBXBuildFile; fileRef = 9B190E0715FABEEE002206CF /* move_Slide_A.png */; };
		9B190E0F15FABEEE002206CF /* patient_step_A.png in Resources */ = {isa = PBXBuildFile; fileRef = 9B190E0815FABEEE002206CF /* patient_step_A.png */; };
		9B190E1015FABEEE002206CF /* patient_step_B.png in Resources */ = {isa = PBXBuildFile; fileRef = 9B190E0915FABEEE002206CF /* patient_step_B.png */; };
		9B190E1115FABEEE002206CF /* sample_prep_A.png in Resources */ = {isa = PBXBuildFile; fileRef = 9B190E0A15FABEEE002206CF /* sample_prep_A.png */; };
		9B190E1215FABEEE002206CF /* sample_prep_B.png in Resources */ = {isa = PBXBuildFile; fileRef = 9B190E0B15FABEEE002206CF /* sample_prep_B.png */; };
		9B190E1315FABEEE002206CF /* sample_prep_C.png in Resources */ = {isa = PBXBuildFile; fileRef = 9B190E0C15FABEEE002206CF /* sample_prep_C.png */; };
		9B287B9115FD981900E11650 /* LLInstructionViewController.m in Sources */ = {isa = PBXBuildFile; fileRef = 9B287B9015FD981900E11650 /* LLInstructionViewController.m */; };
		9B287B9415FDA48C00E11650 /* testbar.png in Resources */ = {isa = PBXBuildFile; fileRef = 9B287B9315FDA48C00E11650 /* testbar.png */; };
		9B287B9815FDA78D00E11650 /* cursor.png in Resources */ = {isa = PBXBuildFile; fileRef = 9B287B9715FDA78D00E11650 /* cursor.png */; };
		9B287B9A15FDA91D00E11650 /* Check-icon.png in Resources */ = {isa = PBXBuildFile; fileRef = 9B287B9915FDA91D00E11650 /* Check-icon.png */; };
		9B287B9E15FDAAF800E11650 /* no_icon.png in Resources */ = {isa = PBXBuildFile; fileRef = 9B287B9D15FDAAF800E11650 /* no_icon.png */; };
		9B324D7015FAC3F2007730E8 /* LLLoginViewController.m in Sources */ = {isa = PBXBuildFile; fileRef = 9B324D6F15FAC3F2007730E8 /* LLLoginViewController.m */; };
		9B6625FB15FD6D9500222C2E /* LLMainMenuViewController.m in Sources */ = {isa = PBXBuildFile; fileRef = 9B6625FA15FD6D9500222C2E /* LLMainMenuViewController.m */; };
		9B6625FD15FD6EAA00222C2E /* diabetes-icon.png in Resources */ = {isa = PBXBuildFile; fileRef = 9B6625FC15FD6EAA00222C2E /* diabetes-icon.png */; };
		9B6625FF15FD70AC00222C2E /* images icon.png in Resources */ = {isa = PBXBuildFile; fileRef = 9B6625FE15FD70AC00222C2E /* images icon.png */; };
		9B66260115FD70DE00222C2E /* users.png in Resources */ = {isa = PBXBuildFile; fileRef = 9B66260015FD70DE00222C2E /* users.png */; };
		9BB5519115FAB83A0014E316 /* NICommonMetrics.m in Sources */ = {isa = PBXBuildFile; fileRef = 9BB5516715FAB83A0014E316 /* NICommonMetrics.m */; };
		9BB5519215FAB83A0014E316 /* NIDataStructures.m in Sources */ = {isa = PBXBuildFile; fileRef = 9BB5516915FAB83A0014E316 /* NIDataStructures.m */; };
		9BB5519315FAB83A0014E316 /* NIDebuggingTools.m in Sources */ = {isa = PBXBuildFile; fileRef = 9BB5516B15FAB83A0014E316 /* NIDebuggingTools.m */; };
		9BB5519415FAB83A0014E316 /* NIDeviceOrientation.m in Sources */ = {isa = PBXBuildFile; fileRef = 9BB5516D15FAB83A0014E316 /* NIDeviceOrientation.m */; };
		9BB5519515FAB83A0014E316 /* NIError.m in Sources */ = {isa = PBXBuildFile; fileRef = 9BB5516F15FAB83A0014E316 /* NIError.m */; };
		9BB5519615FAB83A0014E316 /* NIFoundationMethods.m in Sources */ = {isa = PBXBuildFile; fileRef = 9BB5517115FAB83A0014E316 /* NIFoundationMethods.m */; };
		9BB5519715FAB83A0014E316 /* NIInMemoryCache.m in Sources */ = {isa = PBXBuildFile; fileRef = 9BB5517315FAB83A0014E316 /* NIInMemoryCache.m */; };
		9BB5519815FAB83A0014E316 /* NINavigationAppearance.m in Sources */ = {isa = PBXBuildFile; fileRef = 9BB5517815FAB83A0014E316 /* NINavigationAppearance.m */; };
		9BB5519915FAB83A0014E316 /* NINetworkActivity.m in Sources */ = {isa = PBXBuildFile; fileRef = 9BB5517A15FAB83A0014E316 /* NINetworkActivity.m */; };
		9BB5519A15FAB83A0014E316 /* NINonEmptyCollectionTesting.m in Sources */ = {isa = PBXBuildFile; fileRef = 9BB5517C15FAB83A0014E316 /* NINonEmptyCollectionTesting.m */; };
		9BB5519B15FAB83A0014E316 /* NINonRetainingCollections.m in Sources */ = {isa = PBXBuildFile; fileRef = 9BB5517E15FAB83A0014E316 /* NINonRetainingCollections.m */; };
		9BB5519C15FAB83A0014E316 /* NIOperations.m in Sources */ = {isa = PBXBuildFile; fileRef = 9BB5518015FAB83A0014E316 /* NIOperations.m */; };
		9BB5519D15FAB83A0014E316 /* NIPaths.m in Sources */ = {isa = PBXBuildFile; fileRef = 9BB5518315FAB83A0014E316 /* NIPaths.m */; };
		9BB5519E15FAB83A0014E316 /* NIRuntimeClassModifications.m in Sources */ = {isa = PBXBuildFile; fileRef = 9BB5518615FAB83A0014E316 /* NIRuntimeClassModifications.m */; };
		9BB5519F15FAB83A0014E316 /* NISDKAvailability.m in Sources */ = {isa = PBXBuildFile; fileRef = 9BB5518815FAB83A0014E316 /* NISDKAvailability.m */; };
		9BB551A015FAB83A0014E316 /* NISnapshotRotation.m in Sources */ = {isa = PBXBuildFile; fileRef = 9BB5518A15FAB83A0014E316 /* NISnapshotRotation.m */; };
		9BB551A115FAB83A0014E316 /* NIState.m in Sources */ = {isa = PBXBuildFile; fileRef = 9BB5518C15FAB83A0014E316 /* NIState.m */; };
		9BB551A215FAB83A0014E316 /* NIViewRecycler.m in Sources */ = {isa = PBXBuildFile; fileRef = 9BB5518E15FAB83A0014E316 /* NIViewRecycler.m */; };
		9BB551A315FAB83A0014E316 /* NSString+NimbusCore.m in Sources */ = {isa = PBXBuildFile; fileRef = 9BB5519015FAB83A0014E316 /* NSString+NimbusCore.m */; };
		9BB551B215FAB8480014E316 /* NIPhotoAlbumScrollView.m in Sources */ = {isa = PBXBuildFile; fileRef = 9BB551A715FAB8480014E316 /* NIPhotoAlbumScrollView.m */; };
		9BB551B315FAB8480014E316 /* NIPhotoScrollView.m in Sources */ = {isa = PBXBuildFile; fileRef = 9BB551AB15FAB8480014E316 /* NIPhotoScrollView.m */; };
		9BB551B415FAB8480014E316 /* NIPhotoScrubberView.m in Sources */ = {isa = PBXBuildFile; fileRef = 9BB551AF15FAB8480014E316 /* NIPhotoScrubberView.m */; };
		9BB551B515FAB8480014E316 /* NIToolbarPhotoViewController.m in Sources */ = {isa = PBXBuildFile; fileRef = 9BB551B115FAB8480014E316 /* NIToolbarPhotoViewController.m */; };
		9BB551C015FAB86B0014E316 /* NIPageView.m in Sources */ = {isa = PBXBuildFile; fileRef = 9BB551BA15FAB86B0014E316 /* NIPageView.m */; };
		9BB551C115FAB86B0014E316 /* NIPagingScrollView.m in Sources */ = {isa = PBXBuildFile; fileRef = 9BB551BC15FAB86B0014E316 /* NIPagingScrollView.m */; };
		9BC0B40015FD7A1000BBA2A1 /* CoreData.framework in Frameworks */ = {isa = PBXBuildFile; fileRef = 82DFB19815E4777C00D450BC /* CoreData.framework */; };
		9BC0B40115FD7A1500BBA2A1 /* AVFoundation.framework in Frameworks */ = {isa = PBXBuildFile; fileRef = 82DFB19615E4777000D450BC /* AVFoundation.framework */; };
		9BC0B40215FD7A1A00BBA2A1 /* CoreMedia.framework in Frameworks */ = {isa = PBXBuildFile; fileRef = 82DFB19415E4776C00D450BC /* CoreMedia.framework */; };
		9BC0B40315FD7A2500BBA2A1 /* CoreVideo.framework in Frameworks */ = {isa = PBXBuildFile; fileRef = 82DFB19215E4776700D450BC /* CoreVideo.framework */; };
		9BC0B40415FD7A2A00BBA2A1 /* CoreImage.framework in Frameworks */ = {isa = PBXBuildFile; fileRef = 82DFB18E15E4776200D450BC /* CoreImage.framework */; };
		9BC0B40515FD7A2E00BBA2A1 /* ImageIO.framework in Frameworks */ = {isa = PBXBuildFile; fileRef = 82DFB18F15E4776200D450BC /* ImageIO.framework */; };
		9BC0B40715FD7A3400BBA2A1 /* AssetsLibrary.framework in Frameworks */ = {isa = PBXBuildFile; fileRef = 9BC0B40615FD7A3400BBA2A1 /* AssetsLibrary.framework */; };
		9BC0B40915FD7A4000BBA2A1 /* OpenCV.framework in Frameworks */ = {isa = PBXBuildFile; fileRef = 9BC0B40815FD7A4000BBA2A1 /* OpenCV.framework */; };
		9BC0B40B15FD7A4700BBA2A1 /* UIKit.framework in Frameworks */ = {isa = PBXBuildFile; fileRef = 9BC0B40A15FD7A4700BBA2A1 /* UIKit.framework */; };
		9BC0B40D15FD7A4E00BBA2A1 /* Foundation.framework in Frameworks */ = {isa = PBXBuildFile; fileRef = 9BC0B40C15FD7A4E00BBA2A1 /* Foundation.framework */; };
		9BC0B40F15FD7A5400BBA2A1 /* CoreGraphics.framework in Frameworks */ = {isa = PBXBuildFile; fileRef = 9BC0B40E15FD7A5400BBA2A1 /* CoreGraphics.framework */; };
		9BC0B41115FD7A5B00BBA2A1 /* SenTestingKit.framework in Frameworks */ = {isa = PBXBuildFile; fileRef = 9BC0B41015FD7A5B00BBA2A1 /* SenTestingKit.framework */; };
		9BC0B41215FD7B7D00BBA2A1 /* UIImage+OpenCV.mm in Sources */ = {isa = PBXBuildFile; fileRef = 9B589EFA15FAA95D00578239 /* UIImage+OpenCV.mm */; };
		9BE806C315FD78E10051F44E /* CaptureViewController.m in Sources */ = {isa = PBXBuildFile; fileRef = 9BE8069A15FD78E00051F44E /* CaptureViewController.m */; };
		9BE806C415FD78E10051F44E /* CellScope-Info.plist in Resources */ = {isa = PBXBuildFile; fileRef = 9BE8069B15FD78E00051F44E /* CellScope-Info.plist */; };
		9BE806C515FD78E10051F44E /* CellScope.xcdatamodeld in Sources */ = {isa = PBXBuildFile; fileRef = 9BE8069D15FD78E00051F44E /* CellScope.xcdatamodeld */; };
		9BE806C615FD78E10051F44E /* CellScopePadStoryboard.storyboard in Resources */ = {isa = PBXBuildFile; fileRef = 9BE8069F15FD78E10051F44E /* CellScopePadStoryboard.storyboard */; };
		9BE806C715FD78E10051F44E /* CellScopePhoneStoryboard.storyboard in Resources */ = {isa = PBXBuildFile; fileRef = 9BE806A015FD78E10051F44E /* CellScopePhoneStoryboard.storyboard */; };
		9BE806C815FD78E10051F44E /* CoreDataHelper.m in Sources */ = {isa = PBXBuildFile; fileRef = 9BE806A215FD78E10051F44E /* CoreDataHelper.m */; };
		9BE806C915FD78E10051F44E /* CSAppDelegate.m in Sources */ = {isa = PBXBuildFile; fileRef = 9BE806A415FD78E10051F44E /* CSAppDelegate.m */; };
		9BE806CA15FD78E10051F44E /* CSUserContext.m in Sources */ = {isa = PBXBuildFile; fileRef = 9BE806A615FD78E10051F44E /* CSUserContext.m */; };
		9BE806CB15FD78E10051F44E /* InfoPlist.strings in Resources */ = {isa = PBXBuildFile; fileRef = 9BE806A715FD78E10051F44E /* InfoPlist.strings */; };
		9BE806CC15FD78E10051F44E /* cellscope_logo_1600-bkgd.png in Resources */ = {isa = PBXBuildFile; fileRef = 9BE806AA15FD78E10051F44E /* cellscope_logo_1600-bkgd.png */; };
		9BE806CD15FD78E10051F44E /* login_texfield_bg.png in Resources */ = {isa = PBXBuildFile; fileRef = 9BE806AB15FD78E10051F44E /* login_texfield_bg.png */; };
		9BE806CE15FD78E10051F44E /* iphone.storyboard in Resources */ = {isa = PBXBuildFile; fileRef = 9BE806AC15FD78E10051F44E /* iphone.storyboard */; };
		9BE806CF15FD78E10051F44E /* LoginViewController.m in Sources */ = {isa = PBXBuildFile; fileRef = 9BE806AE15FD78E10051F44E /* LoginViewController.m */; };
		9BE806D115FD78E10051F44E /* PhotoViewController.m in Sources */ = {isa = PBXBuildFile; fileRef = 9BE806B115FD78E10051F44E /* PhotoViewController.m */; };
		9BE806D215FD78E10051F44E /* PictureListDetail.m in Sources */ = {isa = PBXBuildFile; fileRef = 9BE806B315FD78E10051F44E /* PictureListDetail.m */; };
		9BE806D315FD78E10051F44E /* PictureListMainTable.m in Sources */ = {isa = PBXBuildFile; fileRef = 9BE806B515FD78E10051F44E /* PictureListMainTable.m */; };
		9BE806D415FD78E10051F44E /* Pictures.m in Sources */ = {isa = PBXBuildFile; fileRef = 9BE806B715FD78E10051F44E /* Pictures.m */; };
		9BE806D515FD78E10051F44E /* NimbusPhotos.bundle in Resources */ = {isa = PBXBuildFile; fileRef = 9BE806B915FD78E10051F44E /* NimbusPhotos.bundle */; };
		9BE806D615FD78E10051F44E /* UIImage+Alpha.m in Sources */ = {isa = PBXBuildFile; fileRef = 9BE806BC15FD78E10051F44E /* UIImage+Alpha.m */; };
		9BE806D715FD78E10051F44E /* UIImage+Resize.m in Sources */ = {isa = PBXBuildFile; fileRef = 9BE806BE15FD78E10051F44E /* UIImage+Resize.m */; };
		9BE806D815FD78E10051F44E /* UIImage+RoundedCorner.m in Sources */ = {isa = PBXBuildFile; fileRef = 9BE806C015FD78E10051F44E /* UIImage+RoundedCorner.m */; };
		9BE806D915FD78E10051F44E /* Users.m in Sources */ = {isa = PBXBuildFile; fileRef = 9BE806C215FD78E10051F44E /* Users.m */; };
/* End PBXBuildFile section */

/* Begin PBXContainerItemProxy section */
		82DFB12C15E4761E00D450BC /* PBXContainerItemProxy */ = {
			isa = PBXContainerItemProxy;
			containerPortal = 82DFB0FA15E4761E00D450BC /* Project object */;
			proxyType = 1;
			remoteGlobalIDString = 82DFB10215E4761E00D450BC;
			remoteInfo = LoaLoaAugust;
		};
/* End PBXContainerItemProxy section */

/* Begin PBXFileReference section */
		8269C39315EC3F7800013C49 /* Main_IPhone_Storyboard.storyboard */ = {isa = PBXFileReference; fileEncoding = 4; lastKnownFileType = file.storyboard; path = Main_IPhone_Storyboard.storyboard; sourceTree = "<group>"; };
		827658E915EFF69C00D03FA3 /* CaptureViewControllerLoaLoa.h */ = {isa = PBXFileReference; fileEncoding = 4; lastKnownFileType = sourcecode.c.h; path = CaptureViewControllerLoaLoa.h; sourceTree = "<group>"; };
		827658EA15EFF69C00D03FA3 /* CaptureViewControllerLoaLoa.m */ = {isa = PBXFileReference; fileEncoding = 4; lastKnownFileType = sourcecode.c.objc; path = CaptureViewControllerLoaLoa.m; sourceTree = "<group>"; };
		827658ED15F6B48300D03FA3 /* Analysis.h */ = {isa = PBXFileReference; fileEncoding = 4; lastKnownFileType = sourcecode.c.h; path = Analysis.h; sourceTree = "<group>"; };
		827658EE15F6B48300D03FA3 /* Analysis.mm */ = {isa = PBXFileReference; fileEncoding = 4; lastKnownFileType = sourcecode.cpp.objcpp; path = Analysis.mm; sourceTree = "<group>"; };
		827658F515F6BA6900D03FA3 /* libz.dylib */ = {isa = PBXFileReference; lastKnownFileType = "compiled.mach-o.dylib"; name = libz.dylib; path = usr/lib/libz.dylib; sourceTree = SDKROOT; };
		82CC31FE15EBED75005AF1B0 /* ViewController.h */ = {isa = PBXFileReference; fileEncoding = 4; lastKnownFileType = sourcecode.c.h; path = ViewController.h; sourceTree = "<group>"; };
		82CC31FF15EBED75005AF1B0 /* ViewController.m */ = {isa = PBXFileReference; fileEncoding = 4; lastKnownFileType = sourcecode.c.objc; path = ViewController.m; sourceTree = "<group>"; };
		82CC320215EBEDA8005AF1B0 /* PictureListMainTableLoaLoa.h */ = {isa = PBXFileReference; fileEncoding = 4; lastKnownFileType = sourcecode.c.h; path = PictureListMainTableLoaLoa.h; sourceTree = "<group>"; };
		82CC320315EBEDA8005AF1B0 /* PictureListMainTableLoaLoa.m */ = {isa = PBXFileReference; fileEncoding = 4; lastKnownFileType = sourcecode.c.objc; path = PictureListMainTableLoaLoa.m; sourceTree = "<group>"; };
		82DFB10315E4761E00D450BC /* LoaLoaAugust.app */ = {isa = PBXFileReference; explicitFileType = wrapper.application; includeInIndex = 0; path = LoaLoaAugust.app; sourceTree = BUILT_PRODUCTS_DIR; };
		82DFB10F15E4761E00D450BC /* LoaLoaAugust-Info.plist */ = {isa = PBXFileReference; lastKnownFileType = text.plist.xml; path = "LoaLoaAugust-Info.plist"; sourceTree = "<group>"; };
		82DFB11115E4761E00D450BC /* en */ = {isa = PBXFileReference; lastKnownFileType = text.plist.strings; name = en; path = en.lproj/InfoPlist.strings; sourceTree = "<group>"; };
		82DFB11315E4761E00D450BC /* main.m */ = {isa = PBXFileReference; lastKnownFileType = sourcecode.c.objc; path = main.m; sourceTree = "<group>"; };
		82DFB11515E4761E00D450BC /* LoaLoaAugust-Prefix.pch */ = {isa = PBXFileReference; lastKnownFileType = sourcecode.c.h; path = "LoaLoaAugust-Prefix.pch"; sourceTree = "<group>"; };
		82DFB11615E4761E00D450BC /* AppDelegate.h */ = {isa = PBXFileReference; lastKnownFileType = sourcecode.c.h; path = AppDelegate.h; sourceTree = "<group>"; };
		82DFB11715E4761E00D450BC /* AppDelegate.m */ = {isa = PBXFileReference; lastKnownFileType = sourcecode.c.objc; path = AppDelegate.m; sourceTree = "<group>"; };
		82DFB12715E4761E00D450BC /* LoaLoaAugustTests.octest */ = {isa = PBXFileReference; explicitFileType = wrapper.cfbundle; includeInIndex = 0; path = LoaLoaAugustTests.octest; sourceTree = BUILT_PRODUCTS_DIR; };
		82DFB13015E4761E00D450BC /* LoaLoaAugustTests-Info.plist */ = {isa = PBXFileReference; lastKnownFileType = text.plist.xml; path = "LoaLoaAugustTests-Info.plist"; sourceTree = "<group>"; };
		82DFB13415E4761E00D450BC /* LoaLoaAugustTests.h */ = {isa = PBXFileReference; lastKnownFileType = sourcecode.c.h; path = LoaLoaAugustTests.h; sourceTree = "<group>"; };
		82DFB13515E4761E00D450BC /* LoaLoaAugustTests.m */ = {isa = PBXFileReference; lastKnownFileType = sourcecode.c.objc; path = LoaLoaAugustTests.m; sourceTree = "<group>"; };
		82DFB18E15E4776200D450BC /* CoreImage.framework */ = {isa = PBXFileReference; lastKnownFileType = wrapper.framework; name = CoreImage.framework; path = /Applications/Xcode.app/Contents/Developer/Platforms/iPhoneOS.platform/Developer/SDKs/iPhoneOS5.1.sdk/System/Library/Frameworks/CoreImage.framework; sourceTree = "<absolute>"; };
		82DFB18F15E4776200D450BC /* ImageIO.framework */ = {isa = PBXFileReference; lastKnownFileType = wrapper.framework; name = ImageIO.framework; path = /Applications/Xcode.app/Contents/Developer/Platforms/iPhoneOS.platform/Developer/SDKs/iPhoneOS5.1.sdk/System/Library/Frameworks/ImageIO.framework; sourceTree = "<absolute>"; };
		82DFB19215E4776700D450BC /* CoreVideo.framework */ = {isa = PBXFileReference; lastKnownFileType = wrapper.framework; name = CoreVideo.framework; path = /Applications/Xcode.app/Contents/Developer/Platforms/iPhoneOS.platform/Developer/SDKs/iPhoneOS5.1.sdk/System/Library/Frameworks/CoreVideo.framework; sourceTree = "<absolute>"; };
		82DFB19415E4776C00D450BC /* CoreMedia.framework */ = {isa = PBXFileReference; lastKnownFileType = wrapper.framework; name = CoreMedia.framework; path = /Applications/Xcode.app/Contents/Developer/Platforms/iPhoneOS.platform/Developer/SDKs/iPhoneOS5.1.sdk/System/Library/Frameworks/CoreMedia.framework; sourceTree = "<absolute>"; };
		82DFB19615E4777000D450BC /* AVFoundation.framework */ = {isa = PBXFileReference; lastKnownFileType = wrapper.framework; name = AVFoundation.framework; path = /Applications/Xcode.app/Contents/Developer/Platforms/iPhoneOS.platform/Developer/SDKs/iPhoneOS5.1.sdk/System/Library/Frameworks/AVFoundation.framework; sourceTree = "<absolute>"; };
		82DFB19815E4777C00D450BC /* CoreData.framework */ = {isa = PBXFileReference; lastKnownFileType = wrapper.framework; name = CoreData.framework; path = /Applications/Xcode.app/Contents/Developer/Platforms/iPhoneOS.platform/Developer/SDKs/iPhoneOS5.1.sdk/System/Library/Frameworks/CoreData.framework; sourceTree = "<absolute>"; };
		82E4260115E5AB2700BCA038 /* LoaLoaStoryboard.storyboard */ = {isa = PBXFileReference; fileEncoding = 4; lastKnownFileType = file.storyboard; path = LoaLoaStoryboard.storyboard; sourceTree = "<group>"; };
		82E4260315E5AD4B00BCA038 /* LoaLoaViewController.h */ = {isa = PBXFileReference; fileEncoding = 4; lastKnownFileType = sourcecode.c.h; path = LoaLoaViewController.h; sourceTree = "<group>"; };
		82E4260415E5AD4B00BCA038 /* LoaLoaViewController.m */ = {isa = PBXFileReference; fileEncoding = 4; lastKnownFileType = sourcecode.c.objc; path = LoaLoaViewController.m; sourceTree = "<group>"; };
		9B190E0615FABEEE002206CF /* Focus_A.png */ = {isa = PBXFileReference; lastKnownFileType = image.png; path = Focus_A.png; sourceTree = "<group>"; };
		9B190E0715FABEEE002206CF /* move_Slide_A.png */ = {isa = PBXFileReference; lastKnownFileType = image.png; path = move_Slide_A.png; sourceTree = "<group>"; };
		9B190E0815FABEEE002206CF /* patient_step_A.png */ = {isa = PBXFileReference; lastKnownFileType = image.png; path = patient_step_A.png; sourceTree = "<group>"; };
		9B190E0915FABEEE002206CF /* patient_step_B.png */ = {isa = PBXFileReference; lastKnownFileType = image.png; path = patient_step_B.png; sourceTree = "<group>"; };
		9B190E0A15FABEEE002206CF /* sample_prep_A.png */ = {isa = PBXFileReference; lastKnownFileType = image.png; path = sample_prep_A.png; sourceTree = "<group>"; };
		9B190E0B15FABEEE002206CF /* sample_prep_B.png */ = {isa = PBXFileReference; lastKnownFileType = image.png; path = sample_prep_B.png; sourceTree = "<group>"; };
		9B190E0C15FABEEE002206CF /* sample_prep_C.png */ = {isa = PBXFileReference; lastKnownFileType = image.png; path = sample_prep_C.png; sourceTree = "<group>"; };
		9B287B8F15FD981900E11650 /* LLInstructionViewController.h */ = {isa = PBXFileReference; fileEncoding = 4; lastKnownFileType = sourcecode.c.h; path = LLInstructionViewController.h; sourceTree = "<group>"; };
		9B287B9015FD981900E11650 /* LLInstructionViewController.m */ = {isa = PBXFileReference; fileEncoding = 4; lastKnownFileType = sourcecode.c.objc; path = LLInstructionViewController.m; sourceTree = "<group>"; };
		9B287B9315FDA48C00E11650 /* testbar.png */ = {isa = PBXFileReference; lastKnownFileType = image.png; path = testbar.png; sourceTree = "<group>"; };
		9B287B9715FDA78D00E11650 /* cursor.png */ = {isa = PBXFileReference; lastKnownFileType = image.png; path = cursor.png; sourceTree = "<group>"; };
		9B287B9915FDA91D00E11650 /* Check-icon.png */ = {isa = PBXFileReference; lastKnownFileType = image.png; path = "Check-icon.png"; sourceTree = "<group>"; };
		9B287B9D15FDAAF800E11650 /* no_icon.png */ = {isa = PBXFileReference; lastKnownFileType = image.png; path = no_icon.png; sourceTree = "<group>"; };
		9B324D6E15FAC3F2007730E8 /* LLLoginViewController.h */ = {isa = PBXFileReference; fileEncoding = 4; lastKnownFileType = sourcecode.c.h; path = LLLoginViewController.h; sourceTree = "<group>"; };
		9B324D6F15FAC3F2007730E8 /* LLLoginViewController.m */ = {isa = PBXFileReference; fileEncoding = 4; lastKnownFileType = sourcecode.c.objc; path = LLLoginViewController.m; sourceTree = "<group>"; };
		9B589EFA15FAA95D00578239 /* UIImage+OpenCV.mm */ = {isa = PBXFileReference; fileEncoding = 4; lastKnownFileType = sourcecode.cpp.objcpp; name = "UIImage+OpenCV.mm"; path = "../../../../Downloads/UIImage+OpenCV.mm"; sourceTree = "<group>"; };
		9B589EFC15FAA9C900578239 /* UIImage+OpenCV.h */ = {isa = PBXFileReference; fileEncoding = 4; lastKnownFileType = sourcecode.c.h; name = "UIImage+OpenCV.h"; path = "../../../../Downloads/UIImage+OpenCV.h"; sourceTree = "<group>"; };
		9B6625F915FD6D9500222C2E /* LLMainMenuViewController.h */ = {isa = PBXFileReference; fileEncoding = 4; lastKnownFileType = sourcecode.c.h; path = LLMainMenuViewController.h; sourceTree = "<group>"; };
		9B6625FA15FD6D9500222C2E /* LLMainMenuViewController.m */ = {isa = PBXFileReference; fileEncoding = 4; lastKnownFileType = sourcecode.c.objc; path = LLMainMenuViewController.m; sourceTree = "<group>"; };
		9B6625FC15FD6EAA00222C2E /* diabetes-icon.png */ = {isa = PBXFileReference; lastKnownFileType = image.png; path = "diabetes-icon.png"; sourceTree = "<group>"; };
		9B6625FE15FD70AC00222C2E /* images icon.png */ = {isa = PBXFileReference; lastKnownFileType = image.png; path = "images icon.png"; sourceTree = "<group>"; };
		9B66260015FD70DE00222C2E /* users.png */ = {isa = PBXFileReference; lastKnownFileType = image.png; path = users.png; sourceTree = "<group>"; };
		9BB5516615FAB83A0014E316 /* NICommonMetrics.h */ = {isa = PBXFileReference; fileEncoding = 4; lastKnownFileType = sourcecode.c.h; name = NICommonMetrics.h; path = ../nimbus/src/core/src/NICommonMetrics.h; sourceTree = "<group>"; };
		9BB5516715FAB83A0014E316 /* NICommonMetrics.m */ = {isa = PBXFileReference; fileEncoding = 4; lastKnownFileType = sourcecode.c.objc; name = NICommonMetrics.m; path = ../nimbus/src/core/src/NICommonMetrics.m; sourceTree = "<group>"; };
		9BB5516815FAB83A0014E316 /* NIDataStructures.h */ = {isa = PBXFileReference; fileEncoding = 4; lastKnownFileType = sourcecode.c.h; name = NIDataStructures.h; path = ../nimbus/src/core/src/NIDataStructures.h; sourceTree = "<group>"; };
		9BB5516915FAB83A0014E316 /* NIDataStructures.m */ = {isa = PBXFileReference; fileEncoding = 4; lastKnownFileType = sourcecode.c.objc; name = NIDataStructures.m; path = ../nimbus/src/core/src/NIDataStructures.m; sourceTree = "<group>"; };
		9BB5516A15FAB83A0014E316 /* NIDebuggingTools.h */ = {isa = PBXFileReference; fileEncoding = 4; lastKnownFileType = sourcecode.c.h; name = NIDebuggingTools.h; path = ../nimbus/src/core/src/NIDebuggingTools.h; sourceTree = "<group>"; };
		9BB5516B15FAB83A0014E316 /* NIDebuggingTools.m */ = {isa = PBXFileReference; fileEncoding = 4; lastKnownFileType = sourcecode.c.objc; name = NIDebuggingTools.m; path = ../nimbus/src/core/src/NIDebuggingTools.m; sourceTree = "<group>"; };
		9BB5516C15FAB83A0014E316 /* NIDeviceOrientation.h */ = {isa = PBXFileReference; fileEncoding = 4; lastKnownFileType = sourcecode.c.h; name = NIDeviceOrientation.h; path = ../nimbus/src/core/src/NIDeviceOrientation.h; sourceTree = "<group>"; };
		9BB5516D15FAB83A0014E316 /* NIDeviceOrientation.m */ = {isa = PBXFileReference; fileEncoding = 4; lastKnownFileType = sourcecode.c.objc; name = NIDeviceOrientation.m; path = ../nimbus/src/core/src/NIDeviceOrientation.m; sourceTree = "<group>"; };
		9BB5516E15FAB83A0014E316 /* NIError.h */ = {isa = PBXFileReference; fileEncoding = 4; lastKnownFileType = sourcecode.c.h; name = NIError.h; path = ../nimbus/src/core/src/NIError.h; sourceTree = "<group>"; };
		9BB5516F15FAB83A0014E316 /* NIError.m */ = {isa = PBXFileReference; fileEncoding = 4; lastKnownFileType = sourcecode.c.objc; name = NIError.m; path = ../nimbus/src/core/src/NIError.m; sourceTree = "<group>"; };
		9BB5517015FAB83A0014E316 /* NIFoundationMethods.h */ = {isa = PBXFileReference; fileEncoding = 4; lastKnownFileType = sourcecode.c.h; name = NIFoundationMethods.h; path = ../nimbus/src/core/src/NIFoundationMethods.h; sourceTree = "<group>"; };
		9BB5517115FAB83A0014E316 /* NIFoundationMethods.m */ = {isa = PBXFileReference; fileEncoding = 4; lastKnownFileType = sourcecode.c.objc; name = NIFoundationMethods.m; path = ../nimbus/src/core/src/NIFoundationMethods.m; sourceTree = "<group>"; };
		9BB5517215FAB83A0014E316 /* NIInMemoryCache.h */ = {isa = PBXFileReference; fileEncoding = 4; lastKnownFileType = sourcecode.c.h; name = NIInMemoryCache.h; path = ../nimbus/src/core/src/NIInMemoryCache.h; sourceTree = "<group>"; };
		9BB5517315FAB83A0014E316 /* NIInMemoryCache.m */ = {isa = PBXFileReference; fileEncoding = 4; lastKnownFileType = sourcecode.c.objc; name = NIInMemoryCache.m; path = ../nimbus/src/core/src/NIInMemoryCache.m; sourceTree = "<group>"; };
		9BB5517415FAB83A0014E316 /* NimbusCore.h */ = {isa = PBXFileReference; fileEncoding = 4; lastKnownFileType = sourcecode.c.h; name = NimbusCore.h; path = ../nimbus/src/core/src/NimbusCore.h; sourceTree = "<group>"; };
		9BB5517515FAB83A0014E316 /* NimbusCore+Additions.h */ = {isa = PBXFileReference; fileEncoding = 4; lastKnownFileType = sourcecode.c.h; name = "NimbusCore+Additions.h"; path = "../nimbus/src/core/src/NimbusCore+Additions.h"; sourceTree = "<group>"; };
		9BB5517615FAB83A0014E316 /* NimbusCore+Namespace.h */ = {isa = PBXFileReference; fileEncoding = 4; lastKnownFileType = sourcecode.c.h; name = "NimbusCore+Namespace.h"; path = "../nimbus/src/core/src/NimbusCore+Namespace.h"; sourceTree = "<group>"; };
		9BB5517715FAB83A0014E316 /* NINavigationAppearance.h */ = {isa = PBXFileReference; fileEncoding = 4; lastKnownFileType = sourcecode.c.h; name = NINavigationAppearance.h; path = ../nimbus/src/core/src/NINavigationAppearance.h; sourceTree = "<group>"; };
		9BB5517815FAB83A0014E316 /* NINavigationAppearance.m */ = {isa = PBXFileReference; fileEncoding = 4; lastKnownFileType = sourcecode.c.objc; name = NINavigationAppearance.m; path = ../nimbus/src/core/src/NINavigationAppearance.m; sourceTree = "<group>"; };
		9BB5517915FAB83A0014E316 /* NINetworkActivity.h */ = {isa = PBXFileReference; fileEncoding = 4; lastKnownFileType = sourcecode.c.h; name = NINetworkActivity.h; path = ../nimbus/src/core/src/NINetworkActivity.h; sourceTree = "<group>"; };
		9BB5517A15FAB83A0014E316 /* NINetworkActivity.m */ = {isa = PBXFileReference; fileEncoding = 4; lastKnownFileType = sourcecode.c.objc; name = NINetworkActivity.m; path = ../nimbus/src/core/src/NINetworkActivity.m; sourceTree = "<group>"; };
		9BB5517B15FAB83A0014E316 /* NINonEmptyCollectionTesting.h */ = {isa = PBXFileReference; fileEncoding = 4; lastKnownFileType = sourcecode.c.h; name = NINonEmptyCollectionTesting.h; path = ../nimbus/src/core/src/NINonEmptyCollectionTesting.h; sourceTree = "<group>"; };
		9BB5517C15FAB83A0014E316 /* NINonEmptyCollectionTesting.m */ = {isa = PBXFileReference; fileEncoding = 4; lastKnownFileType = sourcecode.c.objc; name = NINonEmptyCollectionTesting.m; path = ../nimbus/src/core/src/NINonEmptyCollectionTesting.m; sourceTree = "<group>"; };
		9BB5517D15FAB83A0014E316 /* NINonRetainingCollections.h */ = {isa = PBXFileReference; fileEncoding = 4; lastKnownFileType = sourcecode.c.h; name = NINonRetainingCollections.h; path = ../nimbus/src/core/src/NINonRetainingCollections.h; sourceTree = "<group>"; };
		9BB5517E15FAB83A0014E316 /* NINonRetainingCollections.m */ = {isa = PBXFileReference; fileEncoding = 4; lastKnownFileType = sourcecode.c.objc; name = NINonRetainingCollections.m; path = ../nimbus/src/core/src/NINonRetainingCollections.m; sourceTree = "<group>"; };
		9BB5517F15FAB83A0014E316 /* NIOperations.h */ = {isa = PBXFileReference; fileEncoding = 4; lastKnownFileType = sourcecode.c.h; name = NIOperations.h; path = ../nimbus/src/core/src/NIOperations.h; sourceTree = "<group>"; };
		9BB5518015FAB83A0014E316 /* NIOperations.m */ = {isa = PBXFileReference; fileEncoding = 4; lastKnownFileType = sourcecode.c.objc; name = NIOperations.m; path = ../nimbus/src/core/src/NIOperations.m; sourceTree = "<group>"; };
		9BB5518115FAB83A0014E316 /* NIOperations+Subclassing.h */ = {isa = PBXFileReference; fileEncoding = 4; lastKnownFileType = sourcecode.c.h; name = "NIOperations+Subclassing.h"; path = "../nimbus/src/core/src/NIOperations+Subclassing.h"; sourceTree = "<group>"; };
		9BB5518215FAB83A0014E316 /* NIPaths.h */ = {isa = PBXFileReference; fileEncoding = 4; lastKnownFileType = sourcecode.c.h; name = NIPaths.h; path = ../nimbus/src/core/src/NIPaths.h; sourceTree = "<group>"; };
		9BB5518315FAB83A0014E316 /* NIPaths.m */ = {isa = PBXFileReference; fileEncoding = 4; lastKnownFileType = sourcecode.c.objc; name = NIPaths.m; path = ../nimbus/src/core/src/NIPaths.m; sourceTree = "<group>"; };
		9BB5518415FAB83A0014E316 /* NIPreprocessorMacros.h */ = {isa = PBXFileReference; fileEncoding = 4; lastKnownFileType = sourcecode.c.h; name = NIPreprocessorMacros.h; path = ../nimbus/src/core/src/NIPreprocessorMacros.h; sourceTree = "<group>"; };
		9BB5518515FAB83A0014E316 /* NIRuntimeClassModifications.h */ = {isa = PBXFileReference; fileEncoding = 4; lastKnownFileType = sourcecode.c.h; name = NIRuntimeClassModifications.h; path = ../nimbus/src/core/src/NIRuntimeClassModifications.h; sourceTree = "<group>"; };
		9BB5518615FAB83A0014E316 /* NIRuntimeClassModifications.m */ = {isa = PBXFileReference; fileEncoding = 4; lastKnownFileType = sourcecode.c.objc; name = NIRuntimeClassModifications.m; path = ../nimbus/src/core/src/NIRuntimeClassModifications.m; sourceTree = "<group>"; };
		9BB5518715FAB83A0014E316 /* NISDKAvailability.h */ = {isa = PBXFileReference; fileEncoding = 4; lastKnownFileType = sourcecode.c.h; name = NISDKAvailability.h; path = ../nimbus/src/core/src/NISDKAvailability.h; sourceTree = "<group>"; };
		9BB5518815FAB83A0014E316 /* NISDKAvailability.m */ = {isa = PBXFileReference; fileEncoding = 4; lastKnownFileType = sourcecode.c.objc; name = NISDKAvailability.m; path = ../nimbus/src/core/src/NISDKAvailability.m; sourceTree = "<group>"; };
		9BB5518915FAB83A0014E316 /* NISnapshotRotation.h */ = {isa = PBXFileReference; fileEncoding = 4; lastKnownFileType = sourcecode.c.h; name = NISnapshotRotation.h; path = ../nimbus/src/core/src/NISnapshotRotation.h; sourceTree = "<group>"; };
		9BB5518A15FAB83A0014E316 /* NISnapshotRotation.m */ = {isa = PBXFileReference; fileEncoding = 4; lastKnownFileType = sourcecode.c.objc; name = NISnapshotRotation.m; path = ../nimbus/src/core/src/NISnapshotRotation.m; sourceTree = "<group>"; };
		9BB5518B15FAB83A0014E316 /* NIState.h */ = {isa = PBXFileReference; fileEncoding = 4; lastKnownFileType = sourcecode.c.h; name = NIState.h; path = ../nimbus/src/core/src/NIState.h; sourceTree = "<group>"; };
		9BB5518C15FAB83A0014E316 /* NIState.m */ = {isa = PBXFileReference; fileEncoding = 4; lastKnownFileType = sourcecode.c.objc; name = NIState.m; path = ../nimbus/src/core/src/NIState.m; sourceTree = "<group>"; };
		9BB5518D15FAB83A0014E316 /* NIViewRecycler.h */ = {isa = PBXFileReference; fileEncoding = 4; lastKnownFileType = sourcecode.c.h; name = NIViewRecycler.h; path = ../nimbus/src/core/src/NIViewRecycler.h; sourceTree = "<group>"; };
		9BB5518E15FAB83A0014E316 /* NIViewRecycler.m */ = {isa = PBXFileReference; fileEncoding = 4; lastKnownFileType = sourcecode.c.objc; name = NIViewRecycler.m; path = ../nimbus/src/core/src/NIViewRecycler.m; sourceTree = "<group>"; };
		9BB5518F15FAB83A0014E316 /* NSString+NimbusCore.h */ = {isa = PBXFileReference; fileEncoding = 4; lastKnownFileType = sourcecode.c.h; name = "NSString+NimbusCore.h"; path = "../nimbus/src/core/src/NSString+NimbusCore.h"; sourceTree = "<group>"; };
		9BB5519015FAB83A0014E316 /* NSString+NimbusCore.m */ = {isa = PBXFileReference; fileEncoding = 4; lastKnownFileType = sourcecode.c.objc; name = "NSString+NimbusCore.m"; path = "../nimbus/src/core/src/NSString+NimbusCore.m"; sourceTree = "<group>"; };
		9BB551A415FAB8480014E316 /* NimbusPhotos.h */ = {isa = PBXFileReference; fileEncoding = 4; lastKnownFileType = sourcecode.c.h; name = NimbusPhotos.h; path = ../nimbus/src/photos/src/NimbusPhotos.h; sourceTree = "<group>"; };
		9BB551A515FAB8480014E316 /* NimbusPhotos+Namespace.h */ = {isa = PBXFileReference; fileEncoding = 4; lastKnownFileType = sourcecode.c.h; name = "NimbusPhotos+Namespace.h"; path = "../nimbus/src/photos/src/NimbusPhotos+Namespace.h"; sourceTree = "<group>"; };
		9BB551A615FAB8480014E316 /* NIPhotoAlbumScrollView.h */ = {isa = PBXFileReference; fileEncoding = 4; lastKnownFileType = sourcecode.c.h; name = NIPhotoAlbumScrollView.h; path = ../nimbus/src/photos/src/NIPhotoAlbumScrollView.h; sourceTree = "<group>"; };
		9BB551A715FAB8480014E316 /* NIPhotoAlbumScrollView.m */ = {isa = PBXFileReference; fileEncoding = 4; lastKnownFileType = sourcecode.c.objc; name = NIPhotoAlbumScrollView.m; path = ../nimbus/src/photos/src/NIPhotoAlbumScrollView.m; sourceTree = "<group>"; };
		9BB551A815FAB8480014E316 /* NIPhotoAlbumScrollViewDataSource.h */ = {isa = PBXFileReference; fileEncoding = 4; lastKnownFileType = sourcecode.c.h; name = NIPhotoAlbumScrollViewDataSource.h; path = ../nimbus/src/photos/src/NIPhotoAlbumScrollViewDataSource.h; sourceTree = "<group>"; };
		9BB551A915FAB8480014E316 /* NIPhotoAlbumScrollViewDelegate.h */ = {isa = PBXFileReference; fileEncoding = 4; lastKnownFileType = sourcecode.c.h; name = NIPhotoAlbumScrollViewDelegate.h; path = ../nimbus/src/photos/src/NIPhotoAlbumScrollViewDelegate.h; sourceTree = "<group>"; };
		9BB551AA15FAB8480014E316 /* NIPhotoScrollView.h */ = {isa = PBXFileReference; fileEncoding = 4; lastKnownFileType = sourcecode.c.h; name = NIPhotoScrollView.h; path = ../nimbus/src/photos/src/NIPhotoScrollView.h; sourceTree = "<group>"; };
		9BB551AB15FAB8480014E316 /* NIPhotoScrollView.m */ = {isa = PBXFileReference; fileEncoding = 4; lastKnownFileType = sourcecode.c.objc; name = NIPhotoScrollView.m; path = ../nimbus/src/photos/src/NIPhotoScrollView.m; sourceTree = "<group>"; };
		9BB551AC15FAB8480014E316 /* NIPhotoScrollViewDelegate.h */ = {isa = PBXFileReference; fileEncoding = 4; lastKnownFileType = sourcecode.c.h; name = NIPhotoScrollViewDelegate.h; path = ../nimbus/src/photos/src/NIPhotoScrollViewDelegate.h; sourceTree = "<group>"; };
		9BB551AD15FAB8480014E316 /* NIPhotoScrollViewPhotoSize.h */ = {isa = PBXFileReference; fileEncoding = 4; lastKnownFileType = sourcecode.c.h; name = NIPhotoScrollViewPhotoSize.h; path = ../nimbus/src/photos/src/NIPhotoScrollViewPhotoSize.h; sourceTree = "<group>"; };
		9BB551AE15FAB8480014E316 /* NIPhotoScrubberView.h */ = {isa = PBXFileReference; fileEncoding = 4; lastKnownFileType = sourcecode.c.h; name = NIPhotoScrubberView.h; path = ../nimbus/src/photos/src/NIPhotoScrubberView.h; sourceTree = "<group>"; };
		9BB551AF15FAB8480014E316 /* NIPhotoScrubberView.m */ = {isa = PBXFileReference; fileEncoding = 4; lastKnownFileType = sourcecode.c.objc; name = NIPhotoScrubberView.m; path = ../nimbus/src/photos/src/NIPhotoScrubberView.m; sourceTree = "<group>"; };
		9BB551B015FAB8480014E316 /* NIToolbarPhotoViewController.h */ = {isa = PBXFileReference; fileEncoding = 4; lastKnownFileType = sourcecode.c.h; name = NIToolbarPhotoViewController.h; path = ../nimbus/src/photos/src/NIToolbarPhotoViewController.h; sourceTree = "<group>"; };
		9BB551B115FAB8480014E316 /* NIToolbarPhotoViewController.m */ = {isa = PBXFileReference; fileEncoding = 4; lastKnownFileType = sourcecode.c.objc; name = NIToolbarPhotoViewController.m; path = ../nimbus/src/photos/src/NIToolbarPhotoViewController.m; sourceTree = "<group>"; };
		9BB551B715FAB86B0014E316 /* NimbusPagingScrollView.h */ = {isa = PBXFileReference; fileEncoding = 4; lastKnownFileType = sourcecode.c.h; name = NimbusPagingScrollView.h; path = ../nimbus/src/pagingscrollview/src/NimbusPagingScrollView.h; sourceTree = "<group>"; };
		9BB551B815FAB86B0014E316 /* NimbusPagingScrollView+Namespace.h */ = {isa = PBXFileReference; fileEncoding = 4; lastKnownFileType = sourcecode.c.h; name = "NimbusPagingScrollView+Namespace.h"; path = "../nimbus/src/pagingscrollview/src/NimbusPagingScrollView+Namespace.h"; sourceTree = "<group>"; };
		9BB551B915FAB86B0014E316 /* NIPageView.h */ = {isa = PBXFileReference; fileEncoding = 4; lastKnownFileType = sourcecode.c.h; name = NIPageView.h; path = ../nimbus/src/pagingscrollview/src/NIPageView.h; sourceTree = "<group>"; };
		9BB551BA15FAB86B0014E316 /* NIPageView.m */ = {isa = PBXFileReference; fileEncoding = 4; lastKnownFileType = sourcecode.c.objc; name = NIPageView.m; path = ../nimbus/src/pagingscrollview/src/NIPageView.m; sourceTree = "<group>"; };
		9BB551BB15FAB86B0014E316 /* NIPagingScrollView.h */ = {isa = PBXFileReference; fileEncoding = 4; lastKnownFileType = sourcecode.c.h; name = NIPagingScrollView.h; path = ../nimbus/src/pagingscrollview/src/NIPagingScrollView.h; sourceTree = "<group>"; };
		9BB551BC15FAB86B0014E316 /* NIPagingScrollView.m */ = {isa = PBXFileReference; fileEncoding = 4; lastKnownFileType = sourcecode.c.objc; name = NIPagingScrollView.m; path = ../nimbus/src/pagingscrollview/src/NIPagingScrollView.m; sourceTree = "<group>"; };
		9BB551BD15FAB86B0014E316 /* NIPagingScrollViewDataSource.h */ = {isa = PBXFileReference; fileEncoding = 4; lastKnownFileType = sourcecode.c.h; name = NIPagingScrollViewDataSource.h; path = ../nimbus/src/pagingscrollview/src/NIPagingScrollViewDataSource.h; sourceTree = "<group>"; };
		9BB551BE15FAB86B0014E316 /* NIPagingScrollViewDelegate.h */ = {isa = PBXFileReference; fileEncoding = 4; lastKnownFileType = sourcecode.c.h; name = NIPagingScrollViewDelegate.h; path = ../nimbus/src/pagingscrollview/src/NIPagingScrollViewDelegate.h; sourceTree = "<group>"; };
		9BB551BF15FAB86B0014E316 /* NIPagingScrollViewPage.h */ = {isa = PBXFileReference; fileEncoding = 4; lastKnownFileType = sourcecode.c.h; name = NIPagingScrollViewPage.h; path = ../nimbus/src/pagingscrollview/src/NIPagingScrollViewPage.h; sourceTree = "<group>"; };
		9BC0B40615FD7A3400BBA2A1 /* AssetsLibrary.framework */ = {isa = PBXFileReference; lastKnownFileType = wrapper.framework; name = AssetsLibrary.framework; path = System/Library/Frameworks/AssetsLibrary.framework; sourceTree = SDKROOT; };
		9BC0B40815FD7A4000BBA2A1 /* OpenCV.framework */ = {isa = PBXFileReference; lastKnownFileType = wrapper.framework; name = OpenCV.framework; path = ../OpenCV.framework; sourceTree = "<group>"; };
		9BC0B40A15FD7A4700BBA2A1 /* UIKit.framework */ = {isa = PBXFileReference; lastKnownFileType = wrapper.framework; name = UIKit.framework; path = System/Library/Frameworks/UIKit.framework; sourceTree = SDKROOT; };
		9BC0B40C15FD7A4E00BBA2A1 /* Foundation.framework */ = {isa = PBXFileReference; lastKnownFileType = wrapper.framework; name = Foundation.framework; path = System/Library/Frameworks/Foundation.framework; sourceTree = SDKROOT; };
		9BC0B40E15FD7A5400BBA2A1 /* CoreGraphics.framework */ = {isa = PBXFileReference; lastKnownFileType = wrapper.framework; name = CoreGraphics.framework; path = System/Library/Frameworks/CoreGraphics.framework; sourceTree = SDKROOT; };
		9BC0B41015FD7A5B00BBA2A1 /* SenTestingKit.framework */ = {isa = PBXFileReference; lastKnownFileType = wrapper.framework; name = SenTestingKit.framework; path = Library/Frameworks/SenTestingKit.framework; sourceTree = DEVELOPER_DIR; };
		9BE8069915FD78E00051F44E /* CaptureViewController.h */ = {isa = PBXFileReference; fileEncoding = 4; lastKnownFileType = sourcecode.c.h; path = CaptureViewController.h; sourceTree = "<group>"; };
		9BE8069A15FD78E00051F44E /* CaptureViewController.m */ = {isa = PBXFileReference; fileEncoding = 4; lastKnownFileType = sourcecode.c.objc; path = CaptureViewController.m; sourceTree = "<group>"; };
		9BE8069B15FD78E00051F44E /* CellScope-Info.plist */ = {isa = PBXFileReference; fileEncoding = 4; lastKnownFileType = text.plist.xml; path = "CellScope-Info.plist"; sourceTree = "<group>"; };
		9BE8069C15FD78E00051F44E /* CellScope-Prefix.pch */ = {isa = PBXFileReference; fileEncoding = 4; lastKnownFileType = sourcecode.c.h; path = "CellScope-Prefix.pch"; sourceTree = "<group>"; };
		9BE8069E15FD78E00051F44E /* CellScope.xcdatamodel */ = {isa = PBXFileReference; lastKnownFileType = wrapper.xcdatamodel; path = CellScope.xcdatamodel; sourceTree = "<group>"; };
		9BE8069F15FD78E10051F44E /* CellScopePadStoryboard.storyboard */ = {isa = PBXFileReference; fileEncoding = 4; lastKnownFileType = file.storyboard; path = CellScopePadStoryboard.storyboard; sourceTree = "<group>"; };
		9BE806A015FD78E10051F44E /* CellScopePhoneStoryboard.storyboard */ = {isa = PBXFileReference; fileEncoding = 4; lastKnownFileType = file.storyboard; path = CellScopePhoneStoryboard.storyboard; sourceTree = "<group>"; };
		9BE806A115FD78E10051F44E /* CoreDataHelper.h */ = {isa = PBXFileReference; fileEncoding = 4; lastKnownFileType = sourcecode.c.h; path = CoreDataHelper.h; sourceTree = "<group>"; };
		9BE806A215FD78E10051F44E /* CoreDataHelper.m */ = {isa = PBXFileReference; fileEncoding = 4; lastKnownFileType = sourcecode.c.objc; path = CoreDataHelper.m; sourceTree = "<group>"; };
		9BE806A315FD78E10051F44E /* CSAppDelegate.h */ = {isa = PBXFileReference; fileEncoding = 4; lastKnownFileType = sourcecode.c.h; path = CSAppDelegate.h; sourceTree = "<group>"; };
		9BE806A415FD78E10051F44E /* CSAppDelegate.m */ = {isa = PBXFileReference; fileEncoding = 4; lastKnownFileType = sourcecode.c.objc; path = CSAppDelegate.m; sourceTree = "<group>"; };
		9BE806A515FD78E10051F44E /* CSUserContext.h */ = {isa = PBXFileReference; fileEncoding = 4; lastKnownFileType = sourcecode.c.h; path = CSUserContext.h; sourceTree = "<group>"; };
		9BE806A615FD78E10051F44E /* CSUserContext.m */ = {isa = PBXFileReference; fileEncoding = 4; lastKnownFileType = sourcecode.c.objc; path = CSUserContext.m; sourceTree = "<group>"; };
		9BE806A815FD78E10051F44E /* en */ = {isa = PBXFileReference; lastKnownFileType = text.plist.strings; name = en; path = en.lproj/InfoPlist.strings; sourceTree = "<group>"; };
		9BE806AA15FD78E10051F44E /* cellscope_logo_1600-bkgd.png */ = {isa = PBXFileReference; lastKnownFileType = image.png; path = "cellscope_logo_1600-bkgd.png"; sourceTree = "<group>"; };
		9BE806AB15FD78E10051F44E /* login_texfield_bg.png */ = {isa = PBXFileReference; lastKnownFileType = image.png; path = login_texfield_bg.png; sourceTree = "<group>"; };
		9BE806AC15FD78E10051F44E /* iphone.storyboard */ = {isa = PBXFileReference; fileEncoding = 4; lastKnownFileType = file.storyboard; path = iphone.storyboard; sourceTree = "<group>"; };
		9BE806AD15FD78E10051F44E /* LoginViewController.h */ = {isa = PBXFileReference; fileEncoding = 4; lastKnownFileType = sourcecode.c.h; path = LoginViewController.h; sourceTree = "<group>"; };
		9BE806AE15FD78E10051F44E /* LoginViewController.m */ = {isa = PBXFileReference; fileEncoding = 4; lastKnownFileType = sourcecode.c.objc; path = LoginViewController.m; sourceTree = "<group>"; };
		9BE806AF15FD78E10051F44E /* main.m */ = {isa = PBXFileReference; fileEncoding = 4; lastKnownFileType = sourcecode.c.objc; path = main.m; sourceTree = "<group>"; };
		9BE806B015FD78E10051F44E /* PhotoViewController.h */ = {isa = PBXFileReference; fileEncoding = 4; lastKnownFileType = sourcecode.c.h; path = PhotoViewController.h; sourceTree = "<group>"; };
		9BE806B115FD78E10051F44E /* PhotoViewController.m */ = {isa = PBXFileReference; fileEncoding = 4; lastKnownFileType = sourcecode.c.objc; path = PhotoViewController.m; sourceTree = "<group>"; };
		9BE806B215FD78E10051F44E /* PictureListDetail.h */ = {isa = PBXFileReference; fileEncoding = 4; lastKnownFileType = sourcecode.c.h; path = PictureListDetail.h; sourceTree = "<group>"; };
		9BE806B315FD78E10051F44E /* PictureListDetail.m */ = {isa = PBXFileReference; fileEncoding = 4; lastKnownFileType = sourcecode.c.objc; path = PictureListDetail.m; sourceTree = "<group>"; };
		9BE806B415FD78E10051F44E /* PictureListMainTable.h */ = {isa = PBXFileReference; fileEncoding = 4; lastKnownFileType = sourcecode.c.h; path = PictureListMainTable.h; sourceTree = "<group>"; };
		9BE806B515FD78E10051F44E /* PictureListMainTable.m */ = {isa = PBXFileReference; fileEncoding = 4; lastKnownFileType = sourcecode.c.objc; path = PictureListMainTable.m; sourceTree = "<group>"; };
		9BE806B615FD78E10051F44E /* Pictures.h */ = {isa = PBXFileReference; fileEncoding = 4; lastKnownFileType = sourcecode.c.h; path = Pictures.h; sourceTree = "<group>"; };
		9BE806B715FD78E10051F44E /* Pictures.m */ = {isa = PBXFileReference; fileEncoding = 4; lastKnownFileType = sourcecode.c.objc; path = Pictures.m; sourceTree = "<group>"; };
		9BE806B915FD78E10051F44E /* NimbusPhotos.bundle */ = {isa = PBXFileReference; lastKnownFileType = "wrapper.plug-in"; path = NimbusPhotos.bundle; sourceTree = "<group>"; };
		9BE806BB15FD78E10051F44E /* UIImage+Alpha.h */ = {isa = PBXFileReference; fileEncoding = 4; lastKnownFileType = sourcecode.c.h; path = "UIImage+Alpha.h"; sourceTree = "<group>"; };
		9BE806BC15FD78E10051F44E /* UIImage+Alpha.m */ = {isa = PBXFileReference; fileEncoding = 4; lastKnownFileType = sourcecode.c.objc; path = "UIImage+Alpha.m"; sourceTree = "<group>"; };
		9BE806BD15FD78E10051F44E /* UIImage+Resize.h */ = {isa = PBXFileReference; fileEncoding = 4; lastKnownFileType = sourcecode.c.h; path = "UIImage+Resize.h"; sourceTree = "<group>"; };
		9BE806BE15FD78E10051F44E /* UIImage+Resize.m */ = {isa = PBXFileReference; fileEncoding = 4; lastKnownFileType = sourcecode.c.objc; path = "UIImage+Resize.m"; sourceTree = "<group>"; };
		9BE806BF15FD78E10051F44E /* UIImage+RoundedCorner.h */ = {isa = PBXFileReference; fileEncoding = 4; lastKnownFileType = sourcecode.c.h; path = "UIImage+RoundedCorner.h"; sourceTree = "<group>"; };
		9BE806C015FD78E10051F44E /* UIImage+RoundedCorner.m */ = {isa = PBXFileReference; fileEncoding = 4; lastKnownFileType = sourcecode.c.objc; path = "UIImage+RoundedCorner.m"; sourceTree = "<group>"; };
		9BE806C115FD78E10051F44E /* Users.h */ = {isa = PBXFileReference; fileEncoding = 4; lastKnownFileType = sourcecode.c.h; path = Users.h; sourceTree = "<group>"; };
		9BE806C215FD78E10051F44E /* Users.m */ = {isa = PBXFileReference; fileEncoding = 4; lastKnownFileType = sourcecode.c.objc; path = Users.m; sourceTree = "<group>"; };
/* End PBXFileReference section */

/* Begin PBXFrameworksBuildPhase section */
		82DFB10015E4761E00D450BC /* Frameworks */ = {
			isa = PBXFrameworksBuildPhase;
			buildActionMask = 2147483647;
			files = (
				9BC0B41115FD7A5B00BBA2A1 /* SenTestingKit.framework in Frameworks */,
				9BC0B40F15FD7A5400BBA2A1 /* CoreGraphics.framework in Frameworks */,
				9BC0B40D15FD7A4E00BBA2A1 /* Foundation.framework in Frameworks */,
				9BC0B40B15FD7A4700BBA2A1 /* UIKit.framework in Frameworks */,
				9BC0B40915FD7A4000BBA2A1 /* OpenCV.framework in Frameworks */,
				9BC0B40715FD7A3400BBA2A1 /* AssetsLibrary.framework in Frameworks */,
				9BC0B40515FD7A2E00BBA2A1 /* ImageIO.framework in Frameworks */,
				9BC0B40415FD7A2A00BBA2A1 /* CoreImage.framework in Frameworks */,
				9BC0B40315FD7A2500BBA2A1 /* CoreVideo.framework in Frameworks */,
				9BC0B40215FD7A1A00BBA2A1 /* CoreMedia.framework in Frameworks */,
				9BC0B40115FD7A1500BBA2A1 /* AVFoundation.framework in Frameworks */,
				9BC0B40015FD7A1000BBA2A1 /* CoreData.framework in Frameworks */,
				827658F615F6BA6900D03FA3 /* libz.dylib in Frameworks */,
			);
			runOnlyForDeploymentPostprocessing = 0;
		};
		82DFB12315E4761E00D450BC /* Frameworks */ = {
			isa = PBXFrameworksBuildPhase;
			buildActionMask = 2147483647;
			files = (
			);
			runOnlyForDeploymentPostprocessing = 0;
		};
/* End PBXFrameworksBuildPhase section */

/* Begin PBXGroup section */
		82DFB0F815E4761E00D450BC = {
			isa = PBXGroup;
			children = (
				9BE8069815FD78E00051F44E /* CellScope */,
				9BB5516315FAB8100014E316 /* Nimbus */,
				827658F515F6BA6900D03FA3 /* libz.dylib */,
				82DFB10D15E4761E00D450BC /* LoaLoaAugust */,
				82DFB12E15E4761E00D450BC /* LoaLoaAugustTests */,
				82DFB10615E4761E00D450BC /* Frameworks */,
				82DFB10415E4761E00D450BC /* Products */,
			);
			sourceTree = "<group>";
		};
		82DFB10415E4761E00D450BC /* Products */ = {
			isa = PBXGroup;
			children = (
				82DFB10315E4761E00D450BC /* LoaLoaAugust.app */,
				82DFB12715E4761E00D450BC /* LoaLoaAugustTests.octest */,
			);
			name = Products;
			sourceTree = "<group>";
		};
		82DFB10615E4761E00D450BC /* Frameworks */ = {
			isa = PBXGroup;
			children = (
				9BC0B41015FD7A5B00BBA2A1 /* SenTestingKit.framework */,
				9BC0B40E15FD7A5400BBA2A1 /* CoreGraphics.framework */,
				9BC0B40C15FD7A4E00BBA2A1 /* Foundation.framework */,
				9BC0B40A15FD7A4700BBA2A1 /* UIKit.framework */,
				9BC0B40815FD7A4000BBA2A1 /* OpenCV.framework */,
				9BC0B40615FD7A3400BBA2A1 /* AssetsLibrary.framework */,
				82DFB19815E4777C00D450BC /* CoreData.framework */,
				82DFB19615E4777000D450BC /* AVFoundation.framework */,
				82DFB19415E4776C00D450BC /* CoreMedia.framework */,
				82DFB19215E4776700D450BC /* CoreVideo.framework */,
				82DFB18E15E4776200D450BC /* CoreImage.framework */,
				82DFB18F15E4776200D450BC /* ImageIO.framework */,
			);
			name = Frameworks;
			sourceTree = "<group>";
		};
		82DFB10D15E4761E00D450BC /* LoaLoaAugust */ = {
			isa = PBXGroup;
			children = (
				9B190E0515FABEEE002206CF /* Images */,
				82E425FF15E5A8BF00BCA038 /* LoaLoa */,
				82DFB11615E4761E00D450BC /* AppDelegate.h */,
				8269C39315EC3F7800013C49 /* Main_IPhone_Storyboard.storyboard */,
				82DFB11715E4761E00D450BC /* AppDelegate.m */,
				82CC31FE15EBED75005AF1B0 /* ViewController.h */,
				82CC320215EBEDA8005AF1B0 /* PictureListMainTableLoaLoa.h */,
				82CC320315EBEDA8005AF1B0 /* PictureListMainTableLoaLoa.m */,
				82CC31FF15EBED75005AF1B0 /* ViewController.m */,
				82DFB10E15E4761E00D450BC /* Supporting Files */,
			);
			path = LoaLoaAugust;
			sourceTree = "<group>";
		};
		82DFB10E15E4761E00D450BC /* Supporting Files */ = {
			isa = PBXGroup;
			children = (
				82DFB10F15E4761E00D450BC /* LoaLoaAugust-Info.plist */,
				82DFB11015E4761E00D450BC /* InfoPlist.strings */,
				82DFB11315E4761E00D450BC /* main.m */,
				82DFB11515E4761E00D450BC /* LoaLoaAugust-Prefix.pch */,
			);
			name = "Supporting Files";
			sourceTree = "<group>";
		};
		82DFB12E15E4761E00D450BC /* LoaLoaAugustTests */ = {
			isa = PBXGroup;
			children = (
				82DFB13415E4761E00D450BC /* LoaLoaAugustTests.h */,
				82DFB13515E4761E00D450BC /* LoaLoaAugustTests.m */,
				82DFB12F15E4761E00D450BC /* Supporting Files */,
			);
			path = LoaLoaAugustTests;
			sourceTree = "<group>";
		};
		82DFB12F15E4761E00D450BC /* Supporting Files */ = {
			isa = PBXGroup;
			children = (
				82DFB13015E4761E00D450BC /* LoaLoaAugustTests-Info.plist */,
			);
			name = "Supporting Files";
			sourceTree = "<group>";
		};
		82E425FF15E5A8BF00BCA038 /* LoaLoa */ = {
			isa = PBXGroup;
			children = (
				9B324D6E15FAC3F2007730E8 /* LLLoginViewController.h */,
				9B324D6F15FAC3F2007730E8 /* LLLoginViewController.m */,
				9B589EFC15FAA9C900578239 /* UIImage+OpenCV.h */,
				9B589EFA15FAA95D00578239 /* UIImage+OpenCV.mm */,
				82E4260115E5AB2700BCA038 /* LoaLoaStoryboard.storyboard */,
				827658E915EFF69C00D03FA3 /* CaptureViewControllerLoaLoa.h */,
				827658EA15EFF69C00D03FA3 /* CaptureViewControllerLoaLoa.m */,
				82E4260315E5AD4B00BCA038 /* LoaLoaViewController.h */,
				82E4260415E5AD4B00BCA038 /* LoaLoaViewController.m */,
				827658ED15F6B48300D03FA3 /* Analysis.h */,
				827658EE15F6B48300D03FA3 /* Analysis.mm */,
				9B6625F915FD6D9500222C2E /* LLMainMenuViewController.h */,
				9B6625FA15FD6D9500222C2E /* LLMainMenuViewController.m */,
				9B287B8F15FD981900E11650 /* LLInstructionViewController.h */,
				9B287B9015FD981900E11650 /* LLInstructionViewController.m */,
			);
			name = LoaLoa;
			sourceTree = "<group>";
		};
		9B190E0515FABEEE002206CF /* Images */ = {
			isa = PBXGroup;
			children = (
				9B287B9D15FDAAF800E11650 /* no_icon.png */,
				9B287B9915FDA91D00E11650 /* Check-icon.png */,
				9B287B9715FDA78D00E11650 /* cursor.png */,
				9B287B9315FDA48C00E11650 /* testbar.png */,
				9B66260015FD70DE00222C2E /* users.png */,
				9B6625FE15FD70AC00222C2E /* images icon.png */,
				9B6625FC15FD6EAA00222C2E /* diabetes-icon.png */,
				9B190E0615FABEEE002206CF /* Focus_A.png */,
				9B190E0715FABEEE002206CF /* move_Slide_A.png */,
				9B190E0815FABEEE002206CF /* patient_step_A.png */,
				9B190E0915FABEEE002206CF /* patient_step_B.png */,
				9B190E0A15FABEEE002206CF /* sample_prep_A.png */,
				9B190E0B15FABEEE002206CF /* sample_prep_B.png */,
				9B190E0C15FABEEE002206CF /* sample_prep_C.png */,
			);
			path = Images;
			sourceTree = "<group>";
		};
		9BB5516315FAB8100014E316 /* Nimbus */ = {
			isa = PBXGroup;
			children = (
				9BB551B615FAB8580014E316 /* Pagingscrollview */,
				9BB5516515FAB81D0014E316 /* Core */,
				9BB5516415FAB8180014E316 /* Photos */,
			);
			name = Nimbus;
			sourceTree = "<group>";
		};
		9BB5516415FAB8180014E316 /* Photos */ = {
			isa = PBXGroup;
			children = (
				9BB551A415FAB8480014E316 /* NimbusPhotos.h */,
				9BB551A515FAB8480014E316 /* NimbusPhotos+Namespace.h */,
				9BB551A615FAB8480014E316 /* NIPhotoAlbumScrollView.h */,
				9BB551A715FAB8480014E316 /* NIPhotoAlbumScrollView.m */,
				9BB551A815FAB8480014E316 /* NIPhotoAlbumScrollViewDataSource.h */,
				9BB551A915FAB8480014E316 /* NIPhotoAlbumScrollViewDelegate.h */,
				9BB551AA15FAB8480014E316 /* NIPhotoScrollView.h */,
				9BB551AB15FAB8480014E316 /* NIPhotoScrollView.m */,
				9BB551AC15FAB8480014E316 /* NIPhotoScrollViewDelegate.h */,
				9BB551AD15FAB8480014E316 /* NIPhotoScrollViewPhotoSize.h */,
				9BB551AE15FAB8480014E316 /* NIPhotoScrubberView.h */,
				9BB551AF15FAB8480014E316 /* NIPhotoScrubberView.m */,
				9BB551B015FAB8480014E316 /* NIToolbarPhotoViewController.h */,
				9BB551B115FAB8480014E316 /* NIToolbarPhotoViewController.m */,
			);
			name = Photos;
			sourceTree = "<group>";
		};
		9BB5516515FAB81D0014E316 /* Core */ = {
			isa = PBXGroup;
			children = (
				9BB5516615FAB83A0014E316 /* NICommonMetrics.h */,
				9BB5516715FAB83A0014E316 /* NICommonMetrics.m */,
				9BB5516815FAB83A0014E316 /* NIDataStructures.h */,
				9BB5516915FAB83A0014E316 /* NIDataStructures.m */,
				9BB5516A15FAB83A0014E316 /* NIDebuggingTools.h */,
				9BB5516B15FAB83A0014E316 /* NIDebuggingTools.m */,
				9BB5516C15FAB83A0014E316 /* NIDeviceOrientation.h */,
				9BB5516D15FAB83A0014E316 /* NIDeviceOrientation.m */,
				9BB5516E15FAB83A0014E316 /* NIError.h */,
				9BB5516F15FAB83A0014E316 /* NIError.m */,
				9BB5517015FAB83A0014E316 /* NIFoundationMethods.h */,
				9BB5517115FAB83A0014E316 /* NIFoundationMethods.m */,
				9BB5517215FAB83A0014E316 /* NIInMemoryCache.h */,
				9BB5517315FAB83A0014E316 /* NIInMemoryCache.m */,
				9BB5517415FAB83A0014E316 /* NimbusCore.h */,
				9BB5517515FAB83A0014E316 /* NimbusCore+Additions.h */,
				9BB5517615FAB83A0014E316 /* NimbusCore+Namespace.h */,
				9BB5517715FAB83A0014E316 /* NINavigationAppearance.h */,
				9BB5517815FAB83A0014E316 /* NINavigationAppearance.m */,
				9BB5517915FAB83A0014E316 /* NINetworkActivity.h */,
				9BB5517A15FAB83A0014E316 /* NINetworkActivity.m */,
				9BB5517B15FAB83A0014E316 /* NINonEmptyCollectionTesting.h */,
				9BB5517C15FAB83A0014E316 /* NINonEmptyCollectionTesting.m */,
				9BB5517D15FAB83A0014E316 /* NINonRetainingCollections.h */,
				9BB5517E15FAB83A0014E316 /* NINonRetainingCollections.m */,
				9BB5517F15FAB83A0014E316 /* NIOperations.h */,
				9BB5518015FAB83A0014E316 /* NIOperations.m */,
				9BB5518115FAB83A0014E316 /* NIOperations+Subclassing.h */,
				9BB5518215FAB83A0014E316 /* NIPaths.h */,
				9BB5518315FAB83A0014E316 /* NIPaths.m */,
				9BB5518415FAB83A0014E316 /* NIPreprocessorMacros.h */,
				9BB5518515FAB83A0014E316 /* NIRuntimeClassModifications.h */,
				9BB5518615FAB83A0014E316 /* NIRuntimeClassModifications.m */,
				9BB5518715FAB83A0014E316 /* NISDKAvailability.h */,
				9BB5518815FAB83A0014E316 /* NISDKAvailability.m */,
				9BB5518915FAB83A0014E316 /* NISnapshotRotation.h */,
				9BB5518A15FAB83A0014E316 /* NISnapshotRotation.m */,
				9BB5518B15FAB83A0014E316 /* NIState.h */,
				9BB5518C15FAB83A0014E316 /* NIState.m */,
				9BB5518D15FAB83A0014E316 /* NIViewRecycler.h */,
				9BB5518E15FAB83A0014E316 /* NIViewRecycler.m */,
				9BB5518F15FAB83A0014E316 /* NSString+NimbusCore.h */,
				9BB5519015FAB83A0014E316 /* NSString+NimbusCore.m */,
			);
			name = Core;
			sourceTree = "<group>";
		};
		9BB551B615FAB8580014E316 /* Pagingscrollview */ = {
			isa = PBXGroup;
			children = (
				9BB551B715FAB86B0014E316 /* NimbusPagingScrollView.h */,
				9BB551B815FAB86B0014E316 /* NimbusPagingScrollView+Namespace.h */,
				9BB551B915FAB86B0014E316 /* NIPageView.h */,
				9BB551BA15FAB86B0014E316 /* NIPageView.m */,
				9BB551BB15FAB86B0014E316 /* NIPagingScrollView.h */,
				9BB551BC15FAB86B0014E316 /* NIPagingScrollView.m */,
				9BB551BD15FAB86B0014E316 /* NIPagingScrollViewDataSource.h */,
				9BB551BE15FAB86B0014E316 /* NIPagingScrollViewDelegate.h */,
				9BB551BF15FAB86B0014E316 /* NIPagingScrollViewPage.h */,
			);
			name = Pagingscrollview;
			sourceTree = "<group>";
		};
		9BE8069815FD78E00051F44E /* CellScope */ = {
			isa = PBXGroup;
			children = (
				9BE8069915FD78E00051F44E /* CaptureViewController.h */,
				9BE8069A15FD78E00051F44E /* CaptureViewController.m */,
				9BE8069B15FD78E00051F44E /* CellScope-Info.plist */,
				9BE8069C15FD78E00051F44E /* CellScope-Prefix.pch */,
				9BE8069D15FD78E00051F44E /* CellScope.xcdatamodeld */,
				9BE8069F15FD78E10051F44E /* CellScopePadStoryboard.storyboard */,
				9BE806A015FD78E10051F44E /* CellScopePhoneStoryboard.storyboard */,
				9BE806A115FD78E10051F44E /* CoreDataHelper.h */,
				9BE806A215FD78E10051F44E /* CoreDataHelper.m */,
				9BE806A315FD78E10051F44E /* CSAppDelegate.h */,
				9BE806A415FD78E10051F44E /* CSAppDelegate.m */,
				9BE806A515FD78E10051F44E /* CSUserContext.h */,
				9BE806A615FD78E10051F44E /* CSUserContext.m */,
				9BE806A715FD78E10051F44E /* InfoPlist.strings */,
				9BE806A915FD78E10051F44E /* Images */,
				9BE806AC15FD78E10051F44E /* iphone.storyboard */,
				9BE806AD15FD78E10051F44E /* LoginViewController.h */,
				9BE806AE15FD78E10051F44E /* LoginViewController.m */,
				9BE806AF15FD78E10051F44E /* main.m */,
				9BE806B015FD78E10051F44E /* PhotoViewController.h */,
				9BE806B115FD78E10051F44E /* PhotoViewController.m */,
				9BE806B215FD78E10051F44E /* PictureListDetail.h */,
				9BE806B315FD78E10051F44E /* PictureListDetail.m */,
				9BE806B415FD78E10051F44E /* PictureListMainTable.h */,
				9BE806B515FD78E10051F44E /* PictureListMainTable.m */,
				9BE806B615FD78E10051F44E /* Pictures.h */,
				9BE806B715FD78E10051F44E /* Pictures.m */,
				9BE806B815FD78E10051F44E /* resources */,
				9BE806BA15FD78E10051F44E /* UIImage-categories */,
				9BE806C115FD78E10051F44E /* Users.h */,
				9BE806C215FD78E10051F44E /* Users.m */,
			);
			name = CellScope;
			path = ../CellScope/CellScope;
			sourceTree = "<group>";
		};
		9BE806A915FD78E10051F44E /* Images */ = {
			isa = PBXGroup;
			children = (
				9BE806AA15FD78E10051F44E /* cellscope_logo_1600-bkgd.png */,
				9BE806AB15FD78E10051F44E /* login_texfield_bg.png */,
			);
			path = Images;
			sourceTree = "<group>";
		};
		9BE806B815FD78E10051F44E /* resources */ = {
			isa = PBXGroup;
			children = (
				9BE806B915FD78E10051F44E /* NimbusPhotos.bundle */,
			);
			path = resources;
			sourceTree = "<group>";
		};
		9BE806BA15FD78E10051F44E /* UIImage-categories */ = {
			isa = PBXGroup;
			children = (
				9BE806BB15FD78E10051F44E /* UIImage+Alpha.h */,
				9BE806BC15FD78E10051F44E /* UIImage+Alpha.m */,
				9BE806BD15FD78E10051F44E /* UIImage+Resize.h */,
				9BE806BE15FD78E10051F44E /* UIImage+Resize.m */,
				9BE806BF15FD78E10051F44E /* UIImage+RoundedCorner.h */,
				9BE806C015FD78E10051F44E /* UIImage+RoundedCorner.m */,
			);
			path = "UIImage-categories";
			sourceTree = "<group>";
		};
/* End PBXGroup section */

/* Begin PBXNativeTarget section */
		82DFB10215E4761E00D450BC /* LoaLoaAugust */ = {
			isa = PBXNativeTarget;
			buildConfigurationList = 82DFB13915E4761E00D450BC /* Build configuration list for PBXNativeTarget "LoaLoaAugust" */;
			buildPhases = (
				82DFB0FF15E4761E00D450BC /* Sources */,
				82DFB10015E4761E00D450BC /* Frameworks */,
				82DFB10115E4761E00D450BC /* Resources */,
			);
			buildRules = (
			);
			dependencies = (
			);
			name = LoaLoaAugust;
			productName = LoaLoaAugust;
			productReference = 82DFB10315E4761E00D450BC /* LoaLoaAugust.app */;
			productType = "com.apple.product-type.application";
		};
		82DFB12615E4761E00D450BC /* LoaLoaAugustTests */ = {
			isa = PBXNativeTarget;
			buildConfigurationList = 82DFB13C15E4761E00D450BC /* Build configuration list for PBXNativeTarget "LoaLoaAugustTests" */;
			buildPhases = (
				82DFB12215E4761E00D450BC /* Sources */,
				82DFB12315E4761E00D450BC /* Frameworks */,
				82DFB12415E4761E00D450BC /* Resources */,
				82DFB12515E4761E00D450BC /* ShellScript */,
			);
			buildRules = (
			);
			dependencies = (
				82DFB12D15E4761E00D450BC /* PBXTargetDependency */,
			);
			name = LoaLoaAugustTests;
			productName = LoaLoaAugustTests;
			productReference = 82DFB12715E4761E00D450BC /* LoaLoaAugustTests.octest */;
			productType = "com.apple.product-type.bundle";
		};
/* End PBXNativeTarget section */

/* Begin PBXProject section */
		82DFB0FA15E4761E00D450BC /* Project object */ = {
			isa = PBXProject;
			attributes = {
				LastUpgradeCheck = 0440;
				ORGANIZATIONNAME = "Mike D'Ambrosio";
			};
			buildConfigurationList = 82DFB0FD15E4761E00D450BC /* Build configuration list for PBXProject "LoaLoaAugust" */;
			compatibilityVersion = "Xcode 3.2";
			developmentRegion = English;
			hasScannedForEncodings = 0;
			knownRegions = (
				en,
			);
			mainGroup = 82DFB0F815E4761E00D450BC;
			productRefGroup = 82DFB10415E4761E00D450BC /* Products */;
			projectDirPath = "";
			projectRoot = "";
			targets = (
				82DFB10215E4761E00D450BC /* LoaLoaAugust */,
				82DFB12615E4761E00D450BC /* LoaLoaAugustTests */,
			);
		};
/* End PBXProject section */

/* Begin PBXResourcesBuildPhase section */
		82DFB10115E4761E00D450BC /* Resources */ = {
			isa = PBXResourcesBuildPhase;
			buildActionMask = 2147483647;
			files = (
				82DFB11215E4761E00D450BC /* InfoPlist.strings in Resources */,
				82E4260215E5AB2700BCA038 /* LoaLoaStoryboard.storyboard in Resources */,
				8269C39415EC3F7800013C49 /* Main_IPhone_Storyboard.storyboard in Resources */,
				9B190E0D15FABEEE002206CF /* Focus_A.png in Resources */,
				9B190E0E15FABEEE002206CF /* move_Slide_A.png in Resources */,
				9B190E0F15FABEEE002206CF /* patient_step_A.png in Resources */,
				9B190E1015FABEEE002206CF /* patient_step_B.png in Resources */,
				9B190E1115FABEEE002206CF /* sample_prep_A.png in Resources */,
				9B190E1215FABEEE002206CF /* sample_prep_B.png in Resources */,
				9B190E1315FABEEE002206CF /* sample_prep_C.png in Resources */,
				9B6625FD15FD6EAA00222C2E /* diabetes-icon.png in Resources */,
				9B6625FF15FD70AC00222C2E /* images icon.png in Resources */,
				9B66260115FD70DE00222C2E /* users.png in Resources */,
				9BE806C415FD78E10051F44E /* CellScope-Info.plist in Resources */,
				9BE806C615FD78E10051F44E /* CellScopePadStoryboard.storyboard in Resources */,
				9BE806C715FD78E10051F44E /* CellScopePhoneStoryboard.storyboard in Resources */,
				9BE806CB15FD78E10051F44E /* InfoPlist.strings in Resources */,
				9BE806CC15FD78E10051F44E /* cellscope_logo_1600-bkgd.png in Resources */,
				9BE806CD15FD78E10051F44E /* login_texfield_bg.png in Resources */,
				9BE806CE15FD78E10051F44E /* iphone.storyboard in Resources */,
				9BE806D515FD78E10051F44E /* NimbusPhotos.bundle in Resources */,
				9B287B9415FDA48C00E11650 /* testbar.png in Resources */,
				9B287B9815FDA78D00E11650 /* cursor.png in Resources */,
				9B287B9A15FDA91D00E11650 /* Check-icon.png in Resources */,
				9B287B9E15FDAAF800E11650 /* no_icon.png in Resources */,
			);
			runOnlyForDeploymentPostprocessing = 0;
		};
		82DFB12415E4761E00D450BC /* Resources */ = {
			isa = PBXResourcesBuildPhase;
			buildActionMask = 2147483647;
			files = (
				82DFB13315E4761E00D450BC /* (null) in Resources */,
			);
			runOnlyForDeploymentPostprocessing = 0;
		};
/* End PBXResourcesBuildPhase section */

/* Begin PBXShellScriptBuildPhase section */
		82DFB12515E4761E00D450BC /* ShellScript */ = {
			isa = PBXShellScriptBuildPhase;
			buildActionMask = 2147483647;
			files = (
			);
			inputPaths = (
			);
			outputPaths = (
			);
			runOnlyForDeploymentPostprocessing = 0;
			shellPath = /bin/sh;
			shellScript = "# Run the unit tests in this test bundle.\n\"${SYSTEM_DEVELOPER_DIR}/Tools/RunUnitTests\"\n";
		};
/* End PBXShellScriptBuildPhase section */

/* Begin PBXSourcesBuildPhase section */
		82DFB0FF15E4761E00D450BC /* Sources */ = {
			isa = PBXSourcesBuildPhase;
			buildActionMask = 2147483647;
			files = (
				9BC0B41215FD7B7D00BBA2A1 /* UIImage+OpenCV.mm in Sources */,
				82DFB11415E4761E00D450BC /* main.m in Sources */,
				82DFB11815E4761E00D450BC /* AppDelegate.m in Sources */,
				82E4260515E5AD4B00BCA038 /* LoaLoaViewController.m in Sources */,
				82CC320015EBED75005AF1B0 /* ViewController.m in Sources */,
				82CC320415EBEDA8005AF1B0 /* PictureListMainTableLoaLoa.m in Sources */,
				827658EB15EFF69C00D03FA3 /* CaptureViewControllerLoaLoa.m in Sources */,
				827658EF15F6B48300D03FA3 /* Analysis.mm in Sources */,
				9BB5519115FAB83A0014E316 /* NICommonMetrics.m in Sources */,
				9BB5519215FAB83A0014E316 /* NIDataStructures.m in Sources */,
				9BB5519315FAB83A0014E316 /* NIDebuggingTools.m in Sources */,
				9BB5519415FAB83A0014E316 /* NIDeviceOrientation.m in Sources */,
				9BB5519515FAB83A0014E316 /* NIError.m in Sources */,
				9BB5519615FAB83A0014E316 /* NIFoundationMethods.m in Sources */,
				9BB5519715FAB83A0014E316 /* NIInMemoryCache.m in Sources */,
				9BB5519815FAB83A0014E316 /* NINavigationAppearance.m in Sources */,
				9BB5519915FAB83A0014E316 /* NINetworkActivity.m in Sources */,
				9BB5519A15FAB83A0014E316 /* NINonEmptyCollectionTesting.m in Sources */,
				9BB5519B15FAB83A0014E316 /* NINonRetainingCollections.m in Sources */,
				9BB5519C15FAB83A0014E316 /* NIOperations.m in Sources */,
				9BB5519D15FAB83A0014E316 /* NIPaths.m in Sources */,
				9BB5519E15FAB83A0014E316 /* NIRuntimeClassModifications.m in Sources */,
				9BB5519F15FAB83A0014E316 /* NISDKAvailability.m in Sources */,
				9BB551A015FAB83A0014E316 /* NISnapshotRotation.m in Sources */,
				9BB551A115FAB83A0014E316 /* NIState.m in Sources */,
				9BB551A215FAB83A0014E316 /* NIViewRecycler.m in Sources */,
				9BB551A315FAB83A0014E316 /* NSString+NimbusCore.m in Sources */,
				9BB551B215FAB8480014E316 /* NIPhotoAlbumScrollView.m in Sources */,
				9BB551B315FAB8480014E316 /* NIPhotoScrollView.m in Sources */,
				9BB551B415FAB8480014E316 /* NIPhotoScrubberView.m in Sources */,
				9BB551B515FAB8480014E316 /* NIToolbarPhotoViewController.m in Sources */,
				9BB551C015FAB86B0014E316 /* NIPageView.m in Sources */,
				9BB551C115FAB86B0014E316 /* NIPagingScrollView.m in Sources */,
				9B324D7015FAC3F2007730E8 /* LLLoginViewController.m in Sources */,
				9B6625FB15FD6D9500222C2E /* LLMainMenuViewController.m in Sources */,
				9BE806C315FD78E10051F44E /* CaptureViewController.m in Sources */,
				9BE806C515FD78E10051F44E /* CellScope.xcdatamodeld in Sources */,
				9BE806C815FD78E10051F44E /* CoreDataHelper.m in Sources */,
				9BE806C915FD78E10051F44E /* CSAppDelegate.m in Sources */,
				9BE806CA15FD78E10051F44E /* CSUserContext.m in Sources */,
				9BE806CF15FD78E10051F44E /* LoginViewController.m in Sources */,
				9BE806D115FD78E10051F44E /* PhotoViewController.m in Sources */,
				9BE806D215FD78E10051F44E /* PictureListDetail.m in Sources */,
				9BE806D315FD78E10051F44E /* PictureListMainTable.m in Sources */,
				9BE806D415FD78E10051F44E /* Pictures.m in Sources */,
				9BE806D615FD78E10051F44E /* UIImage+Alpha.m in Sources */,
				9BE806D715FD78E10051F44E /* UIImage+Resize.m in Sources */,
				9BE806D815FD78E10051F44E /* UIImage+RoundedCorner.m in Sources */,
				9BE806D915FD78E10051F44E /* Users.m in Sources */,
				9B287B9115FD981900E11650 /* LLInstructionViewController.m in Sources */,
			);
			runOnlyForDeploymentPostprocessing = 0;
		};
		82DFB12215E4761E00D450BC /* Sources */ = {
			isa = PBXSourcesBuildPhase;
			buildActionMask = 2147483647;
			files = (
				82DFB13615E4761E00D450BC /* LoaLoaAugustTests.m in Sources */,
			);
			runOnlyForDeploymentPostprocessing = 0;
		};
/* End PBXSourcesBuildPhase section */

/* Begin PBXTargetDependency section */
		82DFB12D15E4761E00D450BC /* PBXTargetDependency */ = {
			isa = PBXTargetDependency;
			target = 82DFB10215E4761E00D450BC /* LoaLoaAugust */;
			targetProxy = 82DFB12C15E4761E00D450BC /* PBXContainerItemProxy */;
		};
/* End PBXTargetDependency section */

/* Begin PBXVariantGroup section */
		82DFB11015E4761E00D450BC /* InfoPlist.strings */ = {
			isa = PBXVariantGroup;
			children = (
				82DFB11115E4761E00D450BC /* en */,
			);
			name = InfoPlist.strings;
			sourceTree = "<group>";
		};
		9BE806A715FD78E10051F44E /* InfoPlist.strings */ = {
			isa = PBXVariantGroup;
			children = (
				9BE806A815FD78E10051F44E /* en */,
			);
			name = InfoPlist.strings;
			sourceTree = "<group>";
		};
/* End PBXVariantGroup section */

/* Begin XCBuildConfiguration section */
		82DFB13715E4761E00D450BC /* Debug */ = {
			isa = XCBuildConfiguration;
			buildSettings = {
				ALWAYS_SEARCH_USER_PATHS = NO;
				ARCHS = "$(ARCHS_STANDARD_32_BIT)";
				CLANG_CXX_LANGUAGE_STANDARD = "gnu++0x";
				CLANG_ENABLE_OBJC_ARC = YES;
				CLANG_WARN__DUPLICATE_METHOD_MATCH = YES;
				"CODE_SIGN_IDENTITY[sdk=iphoneos*]" = "iPhone Developer";
				COPY_PHASE_STRIP = NO;
				GCC_C_LANGUAGE_STANDARD = gnu99;
				GCC_DYNAMIC_NO_PIC = NO;
				GCC_OPTIMIZATION_LEVEL = 0;
				GCC_PREPROCESSOR_DEFINITIONS = (
					"DEBUG=1",
					"$(inherited)",
				);
				GCC_SYMBOLS_PRIVATE_EXTERN = NO;
				GCC_VERSION = com.apple.compilers.llvm.clang.1_0;
				GCC_WARN_ABOUT_RETURN_TYPE = YES;
				GCC_WARN_UNINITIALIZED_AUTOS = YES;
				GCC_WARN_UNUSED_VARIABLE = YES;
				IPHONEOS_DEPLOYMENT_TARGET = 5.1;
				SDKROOT = iphoneos;
				TARGETED_DEVICE_FAMILY = "1,2";
			};
			name = Debug;
		};
		82DFB13815E4761E00D450BC /* Release */ = {
			isa = XCBuildConfiguration;
			buildSettings = {
				ALWAYS_SEARCH_USER_PATHS = NO;
				ARCHS = "$(ARCHS_STANDARD_32_BIT)";
				CLANG_CXX_LANGUAGE_STANDARD = "gnu++0x";
				CLANG_ENABLE_OBJC_ARC = YES;
				CLANG_WARN__DUPLICATE_METHOD_MATCH = YES;
				"CODE_SIGN_IDENTITY[sdk=iphoneos*]" = "iPhone Developer";
				COPY_PHASE_STRIP = YES;
				GCC_C_LANGUAGE_STANDARD = gnu99;
				GCC_VERSION = com.apple.compilers.llvm.clang.1_0;
				GCC_WARN_ABOUT_RETURN_TYPE = YES;
				GCC_WARN_UNINITIALIZED_AUTOS = YES;
				GCC_WARN_UNUSED_VARIABLE = YES;
				IPHONEOS_DEPLOYMENT_TARGET = 5.1;
				OTHER_CFLAGS = "-DNS_BLOCK_ASSERTIONS=1";
				SDKROOT = iphoneos;
				TARGETED_DEVICE_FAMILY = "1,2";
				VALIDATE_PRODUCT = YES;
			};
			name = Release;
		};
		82DFB13A15E4761E00D450BC /* Debug */ = {
			isa = XCBuildConfiguration;
			buildSettings = {
				FRAMEWORK_SEARCH_PATHS = (
					"$(inherited)",
					"\"$(SRCROOT)/..\"",
					"\"$(SYSTEM_APPS_DIR)/Xcode.app/Contents/Developer/Library/Frameworks\"",
				);
				GCC_PRECOMPILE_PREFIX_HEADER = YES;
				GCC_PREFIX_HEADER = "LoaLoaAugust/LoaLoaAugust-Prefix.pch";
				INFOPLIST_FILE = "LoaLoaAugust/LoaLoaAugust-Info.plist";
				IPHONEOS_DEPLOYMENT_TARGET = 5.0;
				PRODUCT_NAME = "$(TARGET_NAME)";
				WRAPPER_EXTENSION = app;
			};
			name = Debug;
		};
		82DFB13B15E4761E00D450BC /* Release */ = {
			isa = XCBuildConfiguration;
			buildSettings = {
				FRAMEWORK_SEARCH_PATHS = (
					"$(inherited)",
					"\"$(SRCROOT)/..\"",
					"\"$(SYSTEM_APPS_DIR)/Xcode.app/Contents/Developer/Library/Frameworks\"",
				);
				GCC_PRECOMPILE_PREFIX_HEADER = YES;
				GCC_PREFIX_HEADER = "LoaLoaAugust/LoaLoaAugust-Prefix.pch";
				INFOPLIST_FILE = "LoaLoaAugust/LoaLoaAugust-Info.plist";
				IPHONEOS_DEPLOYMENT_TARGET = 5.0;
				PRODUCT_NAME = "$(TARGET_NAME)";
				WRAPPER_EXTENSION = app;
			};
			name = Release;
		};
		82DFB13D15E4761E00D450BC /* Debug */ = {
			isa = XCBuildConfiguration;
			buildSettings = {
				BUNDLE_LOADER = "$(BUILT_PRODUCTS_DIR)/LoaLoaAugust.app/LoaLoaAugust";
				FRAMEWORK_SEARCH_PATHS = (
					"\"$(SDKROOT)/Developer/Library/Frameworks\"",
					"\"$(DEVELOPER_LIBRARY_DIR)/Frameworks\"",
				);
				GCC_PRECOMPILE_PREFIX_HEADER = YES;
				GCC_PREFIX_HEADER = "LoaLoaAugust/LoaLoaAugust-Prefix.pch";
				INFOPLIST_FILE = "LoaLoaAugustTests/LoaLoaAugustTests-Info.plist";
				PRODUCT_NAME = "$(TARGET_NAME)";
				TEST_HOST = "$(BUNDLE_LOADER)";
				WRAPPER_EXTENSION = octest;
			};
			name = Debug;
		};
		82DFB13E15E4761E00D450BC /* Release */ = {
			isa = XCBuildConfiguration;
			buildSettings = {
				BUNDLE_LOADER = "$(BUILT_PRODUCTS_DIR)/LoaLoaAugust.app/LoaLoaAugust";
				FRAMEWORK_SEARCH_PATHS = (
					"\"$(SDKROOT)/Developer/Library/Frameworks\"",
					"\"$(DEVELOPER_LIBRARY_DIR)/Frameworks\"",
				);
				GCC_PRECOMPILE_PREFIX_HEADER = YES;
				GCC_PREFIX_HEADER = "LoaLoaAugust/LoaLoaAugust-Prefix.pch";
				INFOPLIST_FILE = "LoaLoaAugustTests/LoaLoaAugustTests-Info.plist";
				PRODUCT_NAME = "$(TARGET_NAME)";
				TEST_HOST = "$(BUNDLE_LOADER)";
				WRAPPER_EXTENSION = octest;
			};
			name = Release;
		};
/* End XCBuildConfiguration section */

/* Begin XCConfigurationList section */
		82DFB0FD15E4761E00D450BC /* Build configuration list for PBXProject "LoaLoaAugust" */ = {
			isa = XCConfigurationList;
			buildConfigurations = (
				82DFB13715E4761E00D450BC /* Debug */,
				82DFB13815E4761E00D450BC /* Release */,
			);
			defaultConfigurationIsVisible = 0;
			defaultConfigurationName = Release;
		};
		82DFB13915E4761E00D450BC /* Build configuration list for PBXNativeTarget "LoaLoaAugust" */ = {
			isa = XCConfigurationList;
			buildConfigurations = (
				82DFB13A15E4761E00D450BC /* Debug */,
				82DFB13B15E4761E00D450BC /* Release */,
			);
			defaultConfigurationIsVisible = 0;
			defaultConfigurationName = Release;
		};
		82DFB13C15E4761E00D450BC /* Build configuration list for PBXNativeTarget "LoaLoaAugustTests" */ = {
			isa = XCConfigurationList;
			buildConfigurations = (
				82DFB13D15E4761E00D450BC /* Debug */,
				82DFB13E15E4761E00D450BC /* Release */,
			);
			defaultConfigurationIsVisible = 0;
			defaultConfigurationName = Release;
		};
/* End XCConfigurationList section */

/* Begin XCVersionGroup section */
		9BE8069D15FD78E00051F44E /* CellScope.xcdatamodeld */ = {
			isa = XCVersionGroup;
			children = (
				9BE8069E15FD78E00051F44E /* CellScope.xcdatamodel */,
			);
			currentVersion = 9BE8069E15FD78E00051F44E /* CellScope.xcdatamodel */;
			path = CellScope.xcdatamodeld;
			sourceTree = "<group>";
			versionGroupType = wrapper.xcdatamodel;
		};
/* End XCVersionGroup section */
	};
	rootObject = 82DFB0FA15E4761E00D450BC /* Project object */;
}
